// !$*UTF8*$!
{
	archiveVersion = 1;
	classes = {
	};
	objectVersion = 56;
	objects = {

/* Begin PBXBuildFile section */
		E60000000000000000000001 /* Core/UI/PicoIcon.swift in Sources */ = {isa = PBXBuildFile; fileRef = E60000000000000000000002 /* Core/UI/PicoIcon.swift */; };
		E60000000000000000000003 /* LucideSwift in Frameworks */ = {isa = PBXBuildFile; productRef = E60000000000000000000004 /* LucideSwift */; };
		001D000E66261E1E7231FFBF /* Features/Composer/ComposerView.swift in Sources */ = {isa = PBXBuildFile; fileRef = 45D498E92AC06FA340A26C6A /* Features/Composer/ComposerView.swift */; };
		00F6ACAB7604A055D89430E2 /* Core/Models/SessionStatusEvent.swift in Sources */ = {isa = PBXBuildFile; fileRef = 1AEF0E9964CCFFD923E6988A /* Core/Models/SessionStatusEvent.swift */; };
		0152DB3236EA0880514BDAB0 /* Core/Models/SessionState.swift in Sources */ = {isa = PBXBuildFile; fileRef = 128F2174D3B7BC0730339FA2 /* Core/Models/SessionState.swift */; };
		01D0CDA9B576D642E32E3BCB /* Core/Models/ConversationItem.swift in Sources */ = {isa = PBXBuildFile; fileRef = 98B6BF68B95F47088F453591 /* Core/Models/ConversationItem.swift */; };
		08D0BE0240963B50AEF82F99 /* Core/Models/UnknownAssistantBlock.swift in Sources */ = {isa = PBXBuildFile; fileRef = 2A407A5FB61E13F12041AAB4 /* Core/Models/UnknownAssistantBlock.swift */; };
		095E239EB7CCEF96AD8F16A4 /* Core/Models/AutoSessionNamingErrorEvent.swift in Sources */ = {isa = PBXBuildFile; fileRef = 1166DA74D372ACBB58CB9D84 /* Core/Models/AutoSessionNamingErrorEvent.swift */; };
		0BC9F6CDD845F0BC1752F918 /* Features/Sessions/ConnectionStatusBadge.swift in Sources */ = {isa = PBXBuildFile; fileRef = B2885B1058D12CC8500CA0F8 /* Features/Sessions/ConnectionStatusBadge.swift */; };
		0E06ECBE3EB06C1AFBB50479 /* Features/Composer/StreamingBehaviorMenu.swift in Sources */ = {isa = PBXBuildFile; fileRef = 4A5B98205CAC380630135192 /* Features/Composer/StreamingBehaviorMenu.swift */; };
		0F70A409209F9E636163B33B /* PicoServerEventTests.swift in Sources */ = {isa = PBXBuildFile; fileRef = 43217CBD44C9114EF53E463C /* PicoServerEventTests.swift */; };
		1718BE091536A0BFDE545DD2 /* Resources/Assets.xcassets in Resources */ = {isa = PBXBuildFile; fileRef = 3AA418C32398BF54AB67A201 /* Resources/Assets.xcassets */; };
		1A7A09347B91ECEAA19D2137 /* Core/Models/ThinkingResponse.swift in Sources */ = {isa = PBXBuildFile; fileRef = CD45F58D6D19A03B87C01AA9 /* Core/Models/ThinkingResponse.swift */; };
		1AA4BEC0D7B05D7D24A7604E /* Core/Models/UiRequest.swift in Sources */ = {isa = PBXBuildFile; fileRef = 16B4BB5288ADA12749CBA7F3 /* Core/Models/UiRequest.swift */; };
		1E90CFDAF5F3EEE6FFD73ED1 /* SSEEventParserTests.swift in Sources */ = {isa = PBXBuildFile; fileRef = 604C09F156DF1907DC203561 /* SSEEventParserTests.swift */; };
		218DA4C8F476515300DC25B5 /* Features/Conversation/ThinkingBlockView.swift in Sources */ = {isa = PBXBuildFile; fileRef = 4A02F898202D843650506CF7 /* Features/Conversation/ThinkingBlockView.swift */; };
		274D11033AF02F056E9D1133 /* Core/Models/SessionUiState.swift in Sources */ = {isa = PBXBuildFile; fileRef = 2BD961FD2F8D078F274A37A6 /* Core/Models/SessionUiState.swift */; };
		282C8F6C19855D4C44267C89 /* Core/Models/PromptImage.swift in Sources */ = {isa = PBXBuildFile; fileRef = E6093E9FD3F04AB2140A786C /* Core/Models/PromptImage.swift */; };
		29E94C8AE5710F96AD575412 /* Core/Persistence/ConnectionStore.swift in Sources */ = {isa = PBXBuildFile; fileRef = 59F749AC43C6A833BD2D59B9 /* Core/Persistence/ConnectionStore.swift */; };
		32DDC2B93600C8E6AFEABD17 /* PicoApp.swift in Sources */ = {isa = PBXBuildFile; fileRef = 6E6470F1A03986D4B67A4BCD /* PicoApp.swift */; };
		349DA9EB0217F380D127501C /* Features/Sessions/SessionRowView.swift in Sources */ = {isa = PBXBuildFile; fileRef = C8CDE257BD3B5940400B9788 /* Features/Sessions/SessionRowView.swift */; };
		34D4E50F6B15CB6912CCFE86 /* App/WorkspaceView.swift in Sources */ = {isa = PBXBuildFile; fileRef = 8A99C79EE95E2FAFC35B9211 /* App/WorkspaceView.swift */; };
		34ECB8B0CC8D2DE3146DD651 /* Core/Models/JSONValue.swift in Sources */ = {isa = PBXBuildFile; fileRef = D1C39A4CAF49FBFE0E9AD69E /* Core/Models/JSONValue.swift */; };
		35D1CC824AEBC604720A92A5 /* Core/Models/PicoServerEvent.swift in Sources */ = {isa = PBXBuildFile; fileRef = CB78EFF24232957A3ED467F2 /* Core/Models/PicoServerEvent.swift */; };
		3D337C11CD3785EF2F95534F /* Core/Models/TextBlock.swift in Sources */ = {isa = PBXBuildFile; fileRef = 0898037D501376B858C08E23 /* Core/Models/TextBlock.swift */; };
		3E44A66F62D4FD305DADFD45 /* state_sync_initial.json in Resources */ = {isa = PBXBuildFile; fileRef = 4235466D4537838F00690942 /* state_sync_initial.json */; };
		40390048DF7F630AC2D47A42 /* Core/Models/UserConversationItem.swift in Sources */ = {isa = PBXBuildFile; fileRef = 1E33471E59825791C2B50904 /* Core/Models/UserConversationItem.swift */; };
		439B0008E232B4FB1F6D18E9 /* Core/Models/PromptResponse.swift in Sources */ = {isa = PBXBuildFile; fileRef = 5403C17E9C154187C52A69F0 /* Core/Models/PromptResponse.swift */; };
		A40000000000000000000001 /* Core/Models/ForkSessionResponse.swift in Sources */ = {isa = PBXBuildFile; fileRef = A40000000000000000000002 /* Core/Models/ForkSessionResponse.swift */; };
		470540A65D6F78FD0AA75007 /* Features/Conversation/ConversationHeaderView.swift in Sources */ = {isa = PBXBuildFile; fileRef = 4E721977D6C21211F8C74574 /* Features/Conversation/ConversationHeaderView.swift */; };
		4838CA16507E6CD34206D173 /* SessionStateReducerTests.swift in Sources */ = {isa = PBXBuildFile; fileRef = 289C7DE7F440C3014996C6DB /* SessionStateReducerTests.swift */; };
		49604C4E34846C79B8430365 /* Core/API/PicoEndpoint.swift in Sources */ = {isa = PBXBuildFile; fileRef = 8E96355AEF5B561C25C23E50 /* Core/API/PicoEndpoint.swift */; };
		4D4F21AEBEF1CFEBA323A59F /* Features/Conversation/ConversationItemView.swift in Sources */ = {isa = PBXBuildFile; fileRef = C5AFAAC4439CEDCB8BEE0F60 /* Features/Conversation/ConversationItemView.swift */; };
		4F21610B16CAF911B71DEE68 /* Core/Models/UserMessageEvent.swift in Sources */ = {isa = PBXBuildFile; fileRef = 26006D217AC1DB0718AB63D1 /* Core/Models/UserMessageEvent.swift */; };
		57E5E7059E42EC4B3196318D /* Features/Conversation/ConversationScreen.swift in Sources */ = {isa = PBXBuildFile; fileRef = 98462DE26ABC1C048EB25827 /* Features/Conversation/ConversationScreen.swift */; };
		5ED525CD450C5E7D702A6B49 /* Core/Models/AssistantConversationItem.swift in Sources */ = {isa = PBXBuildFile; fileRef = 8A6E9BB69579C255654DF643 /* Core/Models/AssistantConversationItem.swift */; };
		602E174C4FEBCE626FB797F8 /* Features/Conversation/AssistantBlockView.swift in Sources */ = {isa = PBXBuildFile; fileRef = FFEB0A8714341A1CDD708DD4 /* Features/Conversation/AssistantBlockView.swift */; };
		61A513C2CE563B35B548AD26 /* state_sync_patch.json in Resources */ = {isa = PBXBuildFile; fileRef = 07E8B7F815FE4A06E1C73866 /* state_sync_patch.json */; };
		64B2C8177941B7504CA0BAAE /* Features/Connections/ConnectionFormView.swift in Sources */ = {isa = PBXBuildFile; fileRef = 4F66CB45B6BF5E7721748D81 /* Features/Connections/ConnectionFormView.swift */; };
		65CD49DACF0D2DEBCD11E15E /* Core/Models/ConversationItemsPatch.swift in Sources */ = {isa = PBXBuildFile; fileRef = 4B70004BEED2BA32DB42F505 /* Core/Models/ConversationItemsPatch.swift */; };
		65E51806F8F3579DBC4EA7A9 /* Core/Models/ClientManifest.swift in Sources */ = {isa = PBXBuildFile; fileRef = C1431759DC59340AAE7DEDE7 /* Core/Models/ClientManifest.swift */; };
		664BECAE2E5639E5D5C021AC /* Core/Models/UiRequestOptionObject.swift in Sources */ = {isa = PBXBuildFile; fileRef = C17A19A6DBF23F40D2E73922 /* Core/Models/UiRequestOptionObject.swift */; };
		66CEBC3BA7A37C71AF9EEFDF /* Core/Models/SimpleOkResponse.swift in Sources */ = {isa = PBXBuildFile; fileRef = 427E40708A9D0F2DA5189A20 /* Core/Models/SimpleOkResponse.swift */; };
		692F092544E23218782F8B62 /* Core/Models/RequestErrorEvent.swift in Sources */ = {isa = PBXBuildFile; fileRef = 51497360E15D7DBC49CBAE28 /* Core/Models/RequestErrorEvent.swift */; };
		6D977BE53B09E224C6FC0078 /* Core/API/PicoAPIError.swift in Sources */ = {isa = PBXBuildFile; fileRef = 4FCFAE19EF4045665C95D048 /* Core/API/PicoAPIError.swift */; };
		6E4B480FB2527DA7B6BA4A0C /* Core/Models/ToolBlock.swift in Sources */ = {isa = PBXBuildFile; fileRef = F431A05270D409C8F34759DF /* Core/Models/ToolBlock.swift */; };
		6FAB1B1F059E517387E2A748 /* Core/Models/ThinkingBlock.swift in Sources */ = {isa = PBXBuildFile; fileRef = 3FCB064155DBB48B0CCB62DF /* Core/Models/ThinkingBlock.swift */; };
		71CD6E6F0D8FCB590BCF73EE /* Core/Models/PendingUserMessage.swift in Sources */ = {isa = PBXBuildFile; fileRef = 5925A9E1ACB662178411CAA4 /* Core/Models/PendingUserMessage.swift */; };
		72BB13673F82FAE56A4D5416 /* Core/Models/AssistantBlock.swift in Sources */ = {isa = PBXBuildFile; fileRef = 8F0B0EBBEF2FDF4F461899B4 /* Core/Models/AssistantBlock.swift */; };
		77B627E03876940A25F538F5 /* sessions_event.json in Resources */ = {isa = PBXBuildFile; fileRef = 7409BE932B5774B607FBCC1D /* sessions_event.json */; };
		794D424699C17BF21F9FD5BA /* Features/Sessions/SessionSidebarView.swift in Sources */ = {isa = PBXBuildFile; fileRef = 9A049BD8D1F0F1524D1A757A /* Features/Sessions/SessionSidebarView.swift */; };
		79806E232D4E1BD81D384EA4 /* Core/Events/PicoEventStream.swift in Sources */ = {isa = PBXBuildFile; fileRef = 629AB8103B0701E467C08058 /* Core/Events/PicoEventStream.swift */; };
		7B1B278D50C1E7BCDA0F6E37 /* Core/Models/GitChangedEvent.swift in Sources */ = {isa = PBXBuildFile; fileRef = FB21F912F8DF9DA36E5237AB /* Core/Models/GitChangedEvent.swift */; };
		A30000000000000000000001 /* Core/Models/GitStatusResponse.swift in Sources */ = {isa = PBXBuildFile; fileRef = B30000000000000000000001 /* Core/Models/GitStatusResponse.swift */; };
		7BB281B72369790D80F8BF38 /* FixtureLoader.swift in Sources */ = {isa = PBXBuildFile; fileRef = D4EB0EA4C6C89771E67B587B /* FixtureLoader.swift */; };
		7C7B30B5C49FD40B159C5DC2 /* Core/Models/ApiErrorEnvelope.swift in Sources */ = {isa = PBXBuildFile; fileRef = DC526A000BEA5093D617620B /* Core/Models/ApiErrorEnvelope.swift */; };
		87D0CCD2F2B80CD4B360E008 /* Core/Models/ContextUsage.swift in Sources */ = {isa = PBXBuildFile; fileRef = 8934FA9827018A9EC871088C /* Core/Models/ContextUsage.swift */; };
		8BE006BB949E15EEE5AB36D3 /* Features/Composer/PendingMessagesView.swift in Sources */ = {isa = PBXBuildFile; fileRef = 5FF0827613EB43B5A1373BCE /* Features/Composer/PendingMessagesView.swift */; };
		8CF94CC6DC666351130A9A9B /* App/AppAlert.swift in Sources */ = {isa = PBXBuildFile; fileRef = DF036FD3DDADFE43FD5B6F63 /* App/AppAlert.swift */; };
		8DE58A3FC2D545391E8A8644 /* Features/Conversation/CompactionBlockView.swift in Sources */ = {isa = PBXBuildFile; fileRef = 1F2841DA60B0E66A181AA997 /* Features/Conversation/CompactionBlockView.swift */; };
		8F342C8114D7BD2886277BA4 /* Core/Models/StateSyncPayload.swift in Sources */ = {isa = PBXBuildFile; fileRef = F97C68B3538AC695A155E2FB /* Core/Models/StateSyncPayload.swift */; };
		902C83A4A472CFD0AFBF14D4 /* App/ConnectionStatus.swift in Sources */ = {isa = PBXBuildFile; fileRef = B1E447475068E9268F083D08 /* App/ConnectionStatus.swift */; };
		908DC7E12FAB6B952B84433E /* Features/Connections/ConnectionHeroView.swift in Sources */ = {isa = PBXBuildFile; fileRef = 2CF173D7EC87350478A08FEF /* Features/Connections/ConnectionHeroView.swift */; };
		98D14931C9DC99AFD169CA58 /* Core/Models/ModelResponse.swift in Sources */ = {isa = PBXBuildFile; fileRef = A92C3B2D5E0733AA0BF6A01F /* Core/Models/ModelResponse.swift */; };
		9E69C061D495A4C3DA5E4572 /* Features/Settings/SettingsView.swift in Sources */ = {isa = PBXBuildFile; fileRef = 9A0AFCA4A18163BE4601A640 /* Features/Settings/SettingsView.swift */; };
		A10000000000000000000001 /* Core/Models/CompletionItem.swift in Sources */ = {isa = PBXBuildFile; fileRef = B10000000000000000000001 /* Core/Models/CompletionItem.swift */; };
		A10000000000000000000002 /* Core/Models/DirectoryResolveResponse.swift in Sources */ = {isa = PBXBuildFile; fileRef = B10000000000000000000002 /* Core/Models/DirectoryResolveResponse.swift */; };
		A10000000000000000000003 /* Core/Models/DirectorySearchResponse.swift in Sources */ = {isa = PBXBuildFile; fileRef = B10000000000000000000003 /* Core/Models/DirectorySearchResponse.swift */; };
		A10000000000000000000004 /* Features/Sessions/DirectoryPathFormatter.swift in Sources */ = {isa = PBXBuildFile; fileRef = B10000000000000000000004 /* Features/Sessions/DirectoryPathFormatter.swift */; };
		A10000000000000000000005 /* Features/Sessions/NewSessionDirectoryRow.swift in Sources */ = {isa = PBXBuildFile; fileRef = B10000000000000000000005 /* Features/Sessions/NewSessionDirectoryRow.swift */; };
		A10000000000000000000006 /* Features/Sessions/NewSessionView.swift in Sources */ = {isa = PBXBuildFile; fileRef = B10000000000000000000006 /* Features/Sessions/NewSessionView.swift */; };
		A10000000000000000000007 /* Core/Models/PathCompletionsResponse.swift in Sources */ = {isa = PBXBuildFile; fileRef = B10000000000000000000007 /* Core/Models/PathCompletionsResponse.swift */; };
		A10000000000000000000008 /* Features/Sessions/NewSessionBrowseFolderView.swift in Sources */ = {isa = PBXBuildFile; fileRef = B10000000000000000000008 /* Features/Sessions/NewSessionBrowseFolderView.swift */; };
		A10000000000000000000009 /* Features/Sessions/NewSessionCreateButtonBar.swift in Sources */ = {isa = PBXBuildFile; fileRef = B10000000000000000000009 /* Features/Sessions/NewSessionCreateButtonBar.swift */; };
		A1000000000000000000000A /* Features/Sessions/NewSessionDirectoryLabel.swift in Sources */ = {isa = PBXBuildFile; fileRef = B1000000000000000000000A /* Features/Sessions/NewSessionDirectoryLabel.swift */; };
		A1000000000000000000000B /* Features/Sessions/NewSessionOptionsMenu.swift in Sources */ = {isa = PBXBuildFile; fileRef = B1000000000000000000000B /* Features/Sessions/NewSessionOptionsMenu.swift */; };
		A1000000000000000000000C /* Features/Sessions/NewSessionModelPickerView.swift in Sources */ = {isa = PBXBuildFile; fileRef = B1000000000000000000000C /* Features/Sessions/NewSessionModelPickerView.swift */; };
		A20000000000000000000001 /* Core/Models/AuthProviderKind.swift in Sources */ = {isa = PBXBuildFile; fileRef = B20000000000000000000001 /* Core/Models/AuthProviderKind.swift */; };
		A20000000000000000000002 /* Core/Models/AuthProviderOption.swift in Sources */ = {isa = PBXBuildFile; fileRef = B20000000000000000000002 /* Core/Models/AuthProviderOption.swift */; };
		A20000000000000000000003 /* Core/Models/AuthProvidersResponse.swift in Sources */ = {isa = PBXBuildFile; fileRef = B20000000000000000000003 /* Core/Models/AuthProvidersResponse.swift */; };
		A20000000000000000000004 /* Core/Models/AuthMutationResponse.swift in Sources */ = {isa = PBXBuildFile; fileRef = B20000000000000000000004 /* Core/Models/AuthMutationResponse.swift */; };
		A20000000000000000000005 /* Features/Settings/ProviderAuthSectionView.swift in Sources */ = {isa = PBXBuildFile; fileRef = B20000000000000000000005 /* Features/Settings/ProviderAuthSectionView.swift */; };
		A20000000000000000000006 /* Features/Settings/AuthProviderRowView.swift in Sources */ = {isa = PBXBuildFile; fileRef = B20000000000000000000006 /* Features/Settings/AuthProviderRowView.swift */; };
		A20000000000000000000007 /* Features/Settings/ApiKeyAuthSheetView.swift in Sources */ = {isa = PBXBuildFile; fileRef = B20000000000000000000007 /* Features/Settings/ApiKeyAuthSheetView.swift */; };
		A20000000000000000000008 /* Features/Settings/AuthUiRequestSheetView.swift in Sources */ = {isa = PBXBuildFile; fileRef = B20000000000000000000008 /* Features/Settings/AuthUiRequestSheetView.swift */; };
		A202F9FA966DF42AB9B3BC51 /* Features/Conversation/ThinkingMenuView.swift in Sources */ = {isa = PBXBuildFile; fileRef = 2FFCFEE725C38640278194A4 /* Features/Conversation/ThinkingMenuView.swift */; };
		A3397286DA11F03AFE89BE02 /* Features/Conversation/ModelMenuView.swift in Sources */ = {isa = PBXBuildFile; fileRef = 77EA775A48F38E2FD964EAEA /* Features/Conversation/ModelMenuView.swift */; };
		A6F21617283A5A2C7EFD7A9E /* Core/Models/ClientManifestTransport.swift in Sources */ = {isa = PBXBuildFile; fileRef = 0DDB847391E4219014F9C88A /* Core/Models/ClientManifestTransport.swift */; };
		A89422B1DD6F4107628C34B6 /* Core/Models/SessionListEntry.swift in Sources */ = {isa = PBXBuildFile; fileRef = 544DB39957D59EC6A5C97568 /* Core/Models/SessionListEntry.swift */; };
		AD10DCD56DAD8F44271E6867 /* Features/Conversation/ConversationView.swift in Sources */ = {isa = PBXBuildFile; fileRef = 72AEC1B22A7DB61E8E8DB1D6 /* Features/Conversation/ConversationView.swift */; };
		AF6CB0A8AE07F2068FCFABD9 /* Core/Models/ModelOption.swift in Sources */ = {isa = PBXBuildFile; fileRef = 7FB0CA216AB038CBB0AE04D9 /* Core/Models/ModelOption.swift */; };
		AFDFFD31CEA0AA88C624717A /* Core/Models/DirectorySessionsIndexSnapshot.swift in Sources */ = {isa = PBXBuildFile; fileRef = 8D6A8C0C64C28FAC4AC2402F /* Core/Models/DirectorySessionsIndexSnapshot.swift */; };
		B065708C86A160E6E5299D7A /* Core/Events/SSEEventParser.swift in Sources */ = {isa = PBXBuildFile; fileRef = 37203F09739079E4EABE2C06 /* Core/Events/SSEEventParser.swift */; };
		B230CB9A92929AB54415F257 /* Core/Models/ClientManifestCapabilities.swift in Sources */ = {isa = PBXBuildFile; fileRef = 6F22961327B2D09E5AB29274 /* Core/Models/ClientManifestCapabilities.swift */; };
		B2F6A64928961EB70A238201 /* Core/Models/StreamingBehavior.swift in Sources */ = {isa = PBXBuildFile; fileRef = 168A9C08E01B2C0C076E36D0 /* Core/Models/StreamingBehavior.swift */; };
		B435C35D0473C936A1C3D47D /* Core/Events/PicoStreamEvent.swift in Sources */ = {isa = PBXBuildFile; fileRef = 4E347CB35281434D142A6137 /* Core/Events/PicoStreamEvent.swift */; };
		B4E31E13E0191D5027A99552 /* Core/Models/SkillOption.swift in Sources */ = {isa = PBXBuildFile; fileRef = 7C40095B960CD84D2329089C /* Core/Models/SkillOption.swift */; };
		B8849499CB5E91BD870FD4DE /* Features/Connections/ConnectionView.swift in Sources */ = {isa = PBXBuildFile; fileRef = BAAD4A0C4825F83B3D56C01D /* Features/Connections/ConnectionView.swift */; };
		BCBBB7D66B4836154737478E /* Core/Models/SessionDoneEvent.swift in Sources */ = {isa = PBXBuildFile; fileRef = 896E75A417B1FF0BCCF0C446 /* Core/Models/SessionDoneEvent.swift */; };
		BF4AA6C8B322E15BF8FD8D1E /* Core/API/PicoAPIClient.swift in Sources */ = {isa = PBXBuildFile; fileRef = 0E1DF8C2558503E4E6679E94 /* Core/API/PicoAPIClient.swift */; };
		BFB7883FDFEF98891890556C /* Core/Models/SessionsEvent.swift in Sources */ = {isa = PBXBuildFile; fileRef = A71E060A0A6BDCDA2D8027CE /* Core/Models/SessionsEvent.swift */; };
		C05904751CBBB5813D20D61B /* Core/Models/SessionNewRequestBody.swift in Sources */ = {isa = PBXBuildFile; fileRef = 83A904DB0A48E167DA7BA7EE /* Core/Models/SessionNewRequestBody.swift */; };
		C0D532D56ABAA4CD8C0F2F2D /* Core/Persistence/CredentialStore.swift in Sources */ = {isa = PBXBuildFile; fileRef = 024183A22119797BA4E3812C /* Core/Persistence/CredentialStore.swift */; };
		C69946379F7163E80069A38B /* Features/Conversation/UserMessageView.swift in Sources */ = {isa = PBXBuildFile; fileRef = A5237E7C9CC1ECEDD20771E8 /* Features/Conversation/UserMessageView.swift */; };
		CB64958F99A1DE5F080F3EA5 /* Core/Models/ExtensionErrorEvent.swift in Sources */ = {isa = PBXBuildFile; fileRef = E43D73223A172FDB176A3039 /* Core/Models/ExtensionErrorEvent.swift */; };
		D026655FA48D1220F9FA6827 /* Core/Models/DirectoryState.swift in Sources */ = {isa = PBXBuildFile; fileRef = 8B4ABD94DFE86DD531A6A656 /* Core/Models/DirectoryState.swift */; };
		D1A0B7AD3FD98F9CB326AA46 /* App/RootView.swift in Sources */ = {isa = PBXBuildFile; fileRef = 11E8B4150A6FF58BBCED5F14 /* App/RootView.swift */; };
		D6DDD2E4A3B591E27F0CC58F /* Features/Conversation/AssistantMessageView.swift in Sources */ = {isa = PBXBuildFile; fileRef = D576CBC6EE486B0838C918F2 /* Features/Conversation/AssistantMessageView.swift */; };
		D7B42CDE924BC2D2177D310B /* Core/Events/SSEEvent.swift in Sources */ = {isa = PBXBuildFile; fileRef = 816E3AED10A93376887AE171 /* Core/Events/SSEEvent.swift */; };
		DC3AB145623AC20BE6590832 /* Features/Sessions/DirectorySessionsSectionView.swift in Sources */ = {isa = PBXBuildFile; fileRef = 544DDDAE75B2CB2572A56D97 /* Features/Sessions/DirectorySessionsSectionView.swift */; };
		DFF67019BB954EF276B4A72C /* Core/Persistence/DraftStore.swift in Sources */ = {isa = PBXBuildFile; fileRef = 917CC3A1A04DF4E256D82202 /* Core/Persistence/DraftStore.swift */; };
		E68D62BC99F5DC1CD1F261E6 /* Core/Models/PromptRequestBody.swift in Sources */ = {isa = PBXBuildFile; fileRef = C33DEB5D1B8020CEB5140416 /* Core/Models/PromptRequestBody.swift */; };
		EEA1F0613547A1DDE62FA55D /* Core/Models/SessionNewResponse.swift in Sources */ = {isa = PBXBuildFile; fileRef = 8F444D4E61BD917237691C10 /* Core/Models/SessionNewResponse.swift */; };
		F2553BA45CCE48878A8A9262 /* Features/Conversation/MarkdownTextView.swift in Sources */ = {isa = PBXBuildFile; fileRef = B962513CEF5E446AB5015151 /* Features/Conversation/MarkdownTextView.swift */; };
		F30000000000000000000001 /* Features/Conversation/ToolFormatting.swift in Sources */ = {isa = PBXBuildFile; fileRef = F30000000000000000000002 /* Features/Conversation/ToolFormatting.swift */; };
		F30000000000000000000003 /* ToolFormattingTests.swift in Sources */ = {isa = PBXBuildFile; fileRef = F30000000000000000000004 /* ToolFormattingTests.swift */; };
		F30000000000000000000005 /* Features/Conversation/AnsiTextView.swift in Sources */ = {isa = PBXBuildFile; fileRef = F30000000000000000000006 /* Features/Conversation/AnsiTextView.swift */; };
		F30000000000000000000007 /* Features/Conversation/ToolOutputViews.swift in Sources */ = {isa = PBXBuildFile; fileRef = F30000000000000000000008 /* Features/Conversation/ToolOutputViews.swift */; };
		F30000000000000000000009 /* Features/Conversation/PierrePatchDiffView.swift in Sources */ = {isa = PBXBuildFile; fileRef = F3000000000000000000000A /* Features/Conversation/PierrePatchDiffView.swift */; };
		F3000000000000000000000D /* AppIcon.icon in Resources */ = {isa = PBXBuildFile; fileRef = F3000000000000000000000E /* AppIcon.icon */; };
		F7BD872D5626166C6308A356 /* Core/Models/UiRequestOption.swift in Sources */ = {isa = PBXBuildFile; fileRef = A364872CADA7E769CAB69098 /* Core/Models/UiRequestOption.swift */; };
		F82F82DC8CEECC76EC0C0453 /* Core/Models/CompactionBlock.swift in Sources */ = {isa = PBXBuildFile; fileRef = D5BE202ADC469EB1351A79C1 /* Core/Models/CompactionBlock.swift */; };
		FB562EAB8187C4F75CC72356 /* Core/Models/ClientManifestAuthentication.swift in Sources */ = {isa = PBXBuildFile; fileRef = 7917B053F3BE284252496E51 /* Core/Models/ClientManifestAuthentication.swift */; };
		FCB974B9E760FACA0D4B73B7 /* Features/Conversation/ToolBlockView.swift in Sources */ = {isa = PBXBuildFile; fileRef = C26CFC542C49E40A1FC540D2 /* Features/Conversation/ToolBlockView.swift */; };
		FD2B6D6D25C7EA4773022D3F /* App/AppModel.swift in Sources */ = {isa = PBXBuildFile; fileRef = B6A93FBCDF8E4B32FF6A8C75 /* App/AppModel.swift */; };
		C50000000000000000000001 /* App/AppModel+Git.swift in Sources */ = {isa = PBXBuildFile; fileRef = C40000000000000000000001 /* App/AppModel+Git.swift */; };
		C50000000000000000000002 /* Features/Git/GitFormatting.swift in Sources */ = {isa = PBXBuildFile; fileRef = C40000000000000000000002 /* Features/Git/GitFormatting.swift */; };
		C50000000000000000000003 /* Features/Git/ProjectFileTree.swift in Sources */ = {isa = PBXBuildFile; fileRef = C40000000000000000000003 /* Features/Git/ProjectFileTree.swift */; };
		C50000000000000000000004 /* Features/Git/GitSharedViews.swift in Sources */ = {isa = PBXBuildFile; fileRef = C40000000000000000000004 /* Features/Git/GitSharedViews.swift */; };
		C50000000000000000000005 /* Features/Git/GitPatchView.swift in Sources */ = {isa = PBXBuildFile; fileRef = C40000000000000000000005 /* Features/Git/GitPatchView.swift */; };
		C50000000000000000000006 /* Features/Git/GitWorkspaceView.swift in Sources */ = {isa = PBXBuildFile; fileRef = C40000000000000000000006 /* Features/Git/GitWorkspaceView.swift */; };
		C50000000000000000000007 /* Features/Git/GitChangesWorkspaceView.swift in Sources */ = {isa = PBXBuildFile; fileRef = C40000000000000000000007 /* Features/Git/GitChangesWorkspaceView.swift */; };
		C50000000000000000000008 /* Features/Git/GitHistoryView.swift in Sources */ = {isa = PBXBuildFile; fileRef = C40000000000000000000008 /* Features/Git/GitHistoryView.swift */; };
		C50000000000000000000009 /* Features/Git/ProjectFilesWorkspaceView.swift in Sources */ = {isa = PBXBuildFile; fileRef = C40000000000000000000009 /* Features/Git/ProjectFilesWorkspaceView.swift */; };
		C5000000000000000000000A /* Features/Git/GitBranchSheetView.swift in Sources */ = {isa = PBXBuildFile; fileRef = C4000000000000000000000A /* Features/Git/GitBranchSheetView.swift */; };
		C5000000000000000000000B /* Features/Git/GitCommitSheetView.swift in Sources */ = {isa = PBXBuildFile; fileRef = C4000000000000000000000B /* Features/Git/GitCommitSheetView.swift */; };
		C5000000000000000000000C /* GitFeatureTests.swift in Sources */ = {isa = PBXBuildFile; fileRef = C4000000000000000000000C /* GitFeatureTests.swift */; };
		C5000000000000000000000D /* Features/Git/GitCommitGraph.swift in Sources */ = {isa = PBXBuildFile; fileRef = C4000000000000000000000D /* Features/Git/GitCommitGraph.swift */; };
		C5000000000000000000000E /* Features/Git/GitCommitGraphColumnView.swift in Sources */ = {isa = PBXBuildFile; fileRef = C4000000000000000000000E /* Features/Git/GitCommitGraphColumnView.swift */; };
		D50000000000000000000001 /* Core/Models/HighlightResponse.swift in Sources */ = {isa = PBXBuildFile; fileRef = D40000000000000000000001 /* Core/Models/HighlightResponse.swift */; };
		D50000000000000000000002 /* Features/Git/CodeFileLanguage.swift in Sources */ = {isa = PBXBuildFile; fileRef = D40000000000000000000002 /* Features/Git/CodeFileLanguage.swift */; };
		D50000000000000000000003 /* Features/Git/CodeHighlightResult.swift in Sources */ = {isa = PBXBuildFile; fileRef = D40000000000000000000003 /* Features/Git/CodeHighlightResult.swift */; };
		D50000000000000000000004 /* Features/Git/CodeSyntaxPalette.swift in Sources */ = {isa = PBXBuildFile; fileRef = D40000000000000000000004 /* Features/Git/CodeSyntaxPalette.swift */; };
		D50000000000000000000005 /* Features/Git/ShikiHighlightedHTMLParser.swift in Sources */ = {isa = PBXBuildFile; fileRef = D40000000000000000000005 /* Features/Git/ShikiHighlightedHTMLParser.swift */; };
		D50000000000000000000006 /* Features/Git/CodeAttributedStringBuilder.swift in Sources */ = {isa = PBXBuildFile; fileRef = D40000000000000000000006 /* Features/Git/CodeAttributedStringBuilder.swift */; };
		D50000000000000000000007 /* Features/Git/CodeFileTextView.swift in Sources */ = {isa = PBXBuildFile; fileRef = D40000000000000000000007 /* Features/Git/CodeFileTextView.swift */; };
/* End PBXBuildFile section */

/* Begin PBXContainerItemProxy section */
		1D23656230B134B5E7FC262B /* PBXContainerItemProxy */ = {
			isa = PBXContainerItemProxy;
			containerPortal = 5CD759D4193846E4910FD9BB /* Project object */;
			proxyType = 1;
			remoteGlobalIDString = A15DB5F98DBEB9053309FBDA;
			remoteInfo = Pico;
		};
/* End PBXContainerItemProxy section */

/* Begin PBXFileReference section */
		E60000000000000000000002 /* Core/UI/PicoIcon.swift */ = {isa = PBXFileReference; lastKnownFileType = sourcecode.swift; path = Core/UI/PicoIcon.swift; sourceTree = "<group>"; };
		024183A22119797BA4E3812C /* Core/Persistence/CredentialStore.swift */ = {isa = PBXFileReference; lastKnownFileType = sourcecode.swift; path = Core/Persistence/CredentialStore.swift; sourceTree = "<group>"; };
		07E8B7F815FE4A06E1C73866 /* state_sync_patch.json */ = {isa = PBXFileReference; lastKnownFileType = text.json; path = state_sync_patch.json; sourceTree = "<group>"; };
		0898037D501376B858C08E23 /* Core/Models/TextBlock.swift */ = {isa = PBXFileReference; lastKnownFileType = sourcecode.swift; path = Core/Models/TextBlock.swift; sourceTree = "<group>"; };
		09DBFEA606D6F90335721E40 /* PicoTests.xctest */ = {isa = PBXFileReference; explicitFileType = wrapper.cfbundle; includeInIndex = 0; path = PicoTests.xctest; sourceTree = BUILT_PRODUCTS_DIR; };
		0DDB847391E4219014F9C88A /* Core/Models/ClientManifestTransport.swift */ = {isa = PBXFileReference; lastKnownFileType = sourcecode.swift; path = Core/Models/ClientManifestTransport.swift; sourceTree = "<group>"; };
		0E1DF8C2558503E4E6679E94 /* Core/API/PicoAPIClient.swift */ = {isa = PBXFileReference; lastKnownFileType = sourcecode.swift; path = Core/API/PicoAPIClient.swift; sourceTree = "<group>"; };
		1166DA74D372ACBB58CB9D84 /* Core/Models/AutoSessionNamingErrorEvent.swift */ = {isa = PBXFileReference; lastKnownFileType = sourcecode.swift; path = Core/Models/AutoSessionNamingErrorEvent.swift; sourceTree = "<group>"; };
		11E8B4150A6FF58BBCED5F14 /* App/RootView.swift */ = {isa = PBXFileReference; lastKnownFileType = sourcecode.swift; path = App/RootView.swift; sourceTree = "<group>"; };
		128F2174D3B7BC0730339FA2 /* Core/Models/SessionState.swift */ = {isa = PBXFileReference; lastKnownFileType = sourcecode.swift; path = Core/Models/SessionState.swift; sourceTree = "<group>"; };
		168A9C08E01B2C0C076E36D0 /* Core/Models/StreamingBehavior.swift */ = {isa = PBXFileReference; lastKnownFileType = sourcecode.swift; path = Core/Models/StreamingBehavior.swift; sourceTree = "<group>"; };
		16B4BB5288ADA12749CBA7F3 /* Core/Models/UiRequest.swift */ = {isa = PBXFileReference; lastKnownFileType = sourcecode.swift; path = Core/Models/UiRequest.swift; sourceTree = "<group>"; };
		1AEF0E9964CCFFD923E6988A /* Core/Models/SessionStatusEvent.swift */ = {isa = PBXFileReference; lastKnownFileType = sourcecode.swift; path = Core/Models/SessionStatusEvent.swift; sourceTree = "<group>"; };
		1E33471E59825791C2B50904 /* Core/Models/UserConversationItem.swift */ = {isa = PBXFileReference; lastKnownFileType = sourcecode.swift; path = Core/Models/UserConversationItem.swift; sourceTree = "<group>"; };
		1F2841DA60B0E66A181AA997 /* Features/Conversation/CompactionBlockView.swift */ = {isa = PBXFileReference; lastKnownFileType = sourcecode.swift; path = Features/Conversation/CompactionBlockView.swift; sourceTree = "<group>"; };
		26006D217AC1DB0718AB63D1 /* Core/Models/UserMessageEvent.swift */ = {isa = PBXFileReference; lastKnownFileType = sourcecode.swift; path = Core/Models/UserMessageEvent.swift; sourceTree = "<group>"; };
		289C7DE7F440C3014996C6DB /* SessionStateReducerTests.swift */ = {isa = PBXFileReference; lastKnownFileType = sourcecode.swift; path = SessionStateReducerTests.swift; sourceTree = "<group>"; };
		2A407A5FB61E13F12041AAB4 /* Core/Models/UnknownAssistantBlock.swift */ = {isa = PBXFileReference; lastKnownFileType = sourcecode.swift; path = Core/Models/UnknownAssistantBlock.swift; sourceTree = "<group>"; };
		2BD961FD2F8D078F274A37A6 /* Core/Models/SessionUiState.swift */ = {isa = PBXFileReference; lastKnownFileType = sourcecode.swift; path = Core/Models/SessionUiState.swift; sourceTree = "<group>"; };
		2CF173D7EC87350478A08FEF /* Features/Connections/ConnectionHeroView.swift */ = {isa = PBXFileReference; lastKnownFileType = sourcecode.swift; path = Features/Connections/ConnectionHeroView.swift; sourceTree = "<group>"; };
		2FFCFEE725C38640278194A4 /* Features/Conversation/ThinkingMenuView.swift */ = {isa = PBXFileReference; lastKnownFileType = sourcecode.swift; path = Features/Conversation/ThinkingMenuView.swift; sourceTree = "<group>"; };
		37203F09739079E4EABE2C06 /* Core/Events/SSEEventParser.swift */ = {isa = PBXFileReference; lastKnownFileType = sourcecode.swift; path = Core/Events/SSEEventParser.swift; sourceTree = "<group>"; };
		3AA418C32398BF54AB67A201 /* Resources/Assets.xcassets */ = {isa = PBXFileReference; lastKnownFileType = folder.assetcatalog; path = Resources/Assets.xcassets; sourceTree = "<group>"; };
		3FCB064155DBB48B0CCB62DF /* Core/Models/ThinkingBlock.swift */ = {isa = PBXFileReference; lastKnownFileType = sourcecode.swift; path = Core/Models/ThinkingBlock.swift; sourceTree = "<group>"; };
		4235466D4537838F00690942 /* state_sync_initial.json */ = {isa = PBXFileReference; lastKnownFileType = text.json; path = state_sync_initial.json; sourceTree = "<group>"; };
		427E40708A9D0F2DA5189A20 /* Core/Models/SimpleOkResponse.swift */ = {isa = PBXFileReference; lastKnownFileType = sourcecode.swift; path = Core/Models/SimpleOkResponse.swift; sourceTree = "<group>"; };
		A40000000000000000000002 /* Core/Models/ForkSessionResponse.swift */ = {isa = PBXFileReference; lastKnownFileType = sourcecode.swift; path = Core/Models/ForkSessionResponse.swift; sourceTree = "<group>"; };
		43217CBD44C9114EF53E463C /* PicoServerEventTests.swift */ = {isa = PBXFileReference; lastKnownFileType = sourcecode.swift; path = PicoServerEventTests.swift; sourceTree = "<group>"; };
		45D498E92AC06FA340A26C6A /* Features/Composer/ComposerView.swift */ = {isa = PBXFileReference; lastKnownFileType = sourcecode.swift; path = Features/Composer/ComposerView.swift; sourceTree = "<group>"; };
		4A02F898202D843650506CF7 /* Features/Conversation/ThinkingBlockView.swift */ = {isa = PBXFileReference; lastKnownFileType = sourcecode.swift; path = Features/Conversation/ThinkingBlockView.swift; sourceTree = "<group>"; };
		4A5B98205CAC380630135192 /* Features/Composer/StreamingBehaviorMenu.swift */ = {isa = PBXFileReference; lastKnownFileType = sourcecode.swift; path = Features/Composer/StreamingBehaviorMenu.swift; sourceTree = "<group>"; };
		4B70004BEED2BA32DB42F505 /* Core/Models/ConversationItemsPatch.swift */ = {isa = PBXFileReference; lastKnownFileType = sourcecode.swift; path = Core/Models/ConversationItemsPatch.swift; sourceTree = "<group>"; };
		4E347CB35281434D142A6137 /* Core/Events/PicoStreamEvent.swift */ = {isa = PBXFileReference; lastKnownFileType = sourcecode.swift; path = Core/Events/PicoStreamEvent.swift; sourceTree = "<group>"; };
		4E721977D6C21211F8C74574 /* Features/Conversation/ConversationHeaderView.swift */ = {isa = PBXFileReference; lastKnownFileType = sourcecode.swift; path = Features/Conversation/ConversationHeaderView.swift; sourceTree = "<group>"; };
		4F66CB45B6BF5E7721748D81 /* Features/Connections/ConnectionFormView.swift */ = {isa = PBXFileReference; lastKnownFileType = sourcecode.swift; path = Features/Connections/ConnectionFormView.swift; sourceTree = "<group>"; };
		4FCFAE19EF4045665C95D048 /* Core/API/PicoAPIError.swift */ = {isa = PBXFileReference; lastKnownFileType = sourcecode.swift; path = Core/API/PicoAPIError.swift; sourceTree = "<group>"; };
		51497360E15D7DBC49CBAE28 /* Core/Models/RequestErrorEvent.swift */ = {isa = PBXFileReference; lastKnownFileType = sourcecode.swift; path = Core/Models/RequestErrorEvent.swift; sourceTree = "<group>"; };
		5403C17E9C154187C52A69F0 /* Core/Models/PromptResponse.swift */ = {isa = PBXFileReference; lastKnownFileType = sourcecode.swift; path = Core/Models/PromptResponse.swift; sourceTree = "<group>"; };
		544DB39957D59EC6A5C97568 /* Core/Models/SessionListEntry.swift */ = {isa = PBXFileReference; lastKnownFileType = sourcecode.swift; path = Core/Models/SessionListEntry.swift; sourceTree = "<group>"; };
		544DDDAE75B2CB2572A56D97 /* Features/Sessions/DirectorySessionsSectionView.swift */ = {isa = PBXFileReference; lastKnownFileType = sourcecode.swift; path = Features/Sessions/DirectorySessionsSectionView.swift; sourceTree = "<group>"; };
		5925A9E1ACB662178411CAA4 /* Core/Models/PendingUserMessage.swift */ = {isa = PBXFileReference; lastKnownFileType = sourcecode.swift; path = Core/Models/PendingUserMessage.swift; sourceTree = "<group>"; };
		59F749AC43C6A833BD2D59B9 /* Core/Persistence/ConnectionStore.swift */ = {isa = PBXFileReference; lastKnownFileType = sourcecode.swift; path = Core/Persistence/ConnectionStore.swift; sourceTree = "<group>"; };
		5FF0827613EB43B5A1373BCE /* Features/Composer/PendingMessagesView.swift */ = {isa = PBXFileReference; lastKnownFileType = sourcecode.swift; path = Features/Composer/PendingMessagesView.swift; sourceTree = "<group>"; };
		604C09F156DF1907DC203561 /* SSEEventParserTests.swift */ = {isa = PBXFileReference; lastKnownFileType = sourcecode.swift; path = SSEEventParserTests.swift; sourceTree = "<group>"; };
		629AB8103B0701E467C08058 /* Core/Events/PicoEventStream.swift */ = {isa = PBXFileReference; lastKnownFileType = sourcecode.swift; path = Core/Events/PicoEventStream.swift; sourceTree = "<group>"; };
		6E6470F1A03986D4B67A4BCD /* PicoApp.swift */ = {isa = PBXFileReference; lastKnownFileType = sourcecode.swift; path = PicoApp.swift; sourceTree = "<group>"; };
		6F22961327B2D09E5AB29274 /* Core/Models/ClientManifestCapabilities.swift */ = {isa = PBXFileReference; lastKnownFileType = sourcecode.swift; path = Core/Models/ClientManifestCapabilities.swift; sourceTree = "<group>"; };
		72AEC1B22A7DB61E8E8DB1D6 /* Features/Conversation/ConversationView.swift */ = {isa = PBXFileReference; lastKnownFileType = sourcecode.swift; path = Features/Conversation/ConversationView.swift; sourceTree = "<group>"; };
		7409BE932B5774B607FBCC1D /* sessions_event.json */ = {isa = PBXFileReference; lastKnownFileType = text.json; path = sessions_event.json; sourceTree = "<group>"; };
		77EA775A48F38E2FD964EAEA /* Features/Conversation/ModelMenuView.swift */ = {isa = PBXFileReference; lastKnownFileType = sourcecode.swift; path = Features/Conversation/ModelMenuView.swift; sourceTree = "<group>"; };
		7917B053F3BE284252496E51 /* Core/Models/ClientManifestAuthentication.swift */ = {isa = PBXFileReference; lastKnownFileType = sourcecode.swift; path = Core/Models/ClientManifestAuthentication.swift; sourceTree = "<group>"; };
		7C40095B960CD84D2329089C /* Core/Models/SkillOption.swift */ = {isa = PBXFileReference; lastKnownFileType = sourcecode.swift; path = Core/Models/SkillOption.swift; sourceTree = "<group>"; };
		7FB0CA216AB038CBB0AE04D9 /* Core/Models/ModelOption.swift */ = {isa = PBXFileReference; lastKnownFileType = sourcecode.swift; path = Core/Models/ModelOption.swift; sourceTree = "<group>"; };
		816E3AED10A93376887AE171 /* Core/Events/SSEEvent.swift */ = {isa = PBXFileReference; lastKnownFileType = sourcecode.swift; path = Core/Events/SSEEvent.swift; sourceTree = "<group>"; };
		83A904DB0A48E167DA7BA7EE /* Core/Models/SessionNewRequestBody.swift */ = {isa = PBXFileReference; lastKnownFileType = sourcecode.swift; path = Core/Models/SessionNewRequestBody.swift; sourceTree = "<group>"; };
		8826B757F97B59CD37A46C73 /* Pico.app */ = {isa = PBXFileReference; explicitFileType = wrapper.application; includeInIndex = 0; path = Pico.app; sourceTree = BUILT_PRODUCTS_DIR; };
		8934FA9827018A9EC871088C /* Core/Models/ContextUsage.swift */ = {isa = PBXFileReference; lastKnownFileType = sourcecode.swift; path = Core/Models/ContextUsage.swift; sourceTree = "<group>"; };
		896E75A417B1FF0BCCF0C446 /* Core/Models/SessionDoneEvent.swift */ = {isa = PBXFileReference; lastKnownFileType = sourcecode.swift; path = Core/Models/SessionDoneEvent.swift; sourceTree = "<group>"; };
		8A6E9BB69579C255654DF643 /* Core/Models/AssistantConversationItem.swift */ = {isa = PBXFileReference; lastKnownFileType = sourcecode.swift; path = Core/Models/AssistantConversationItem.swift; sourceTree = "<group>"; };
		8A99C79EE95E2FAFC35B9211 /* App/WorkspaceView.swift */ = {isa = PBXFileReference; lastKnownFileType = sourcecode.swift; path = App/WorkspaceView.swift; sourceTree = "<group>"; };
		8B4ABD94DFE86DD531A6A656 /* Core/Models/DirectoryState.swift */ = {isa = PBXFileReference; lastKnownFileType = sourcecode.swift; path = Core/Models/DirectoryState.swift; sourceTree = "<group>"; };
		8D6A8C0C64C28FAC4AC2402F /* Core/Models/DirectorySessionsIndexSnapshot.swift */ = {isa = PBXFileReference; lastKnownFileType = sourcecode.swift; path = Core/Models/DirectorySessionsIndexSnapshot.swift; sourceTree = "<group>"; };
		8E96355AEF5B561C25C23E50 /* Core/API/PicoEndpoint.swift */ = {isa = PBXFileReference; lastKnownFileType = sourcecode.swift; path = Core/API/PicoEndpoint.swift; sourceTree = "<group>"; };
		8F0B0EBBEF2FDF4F461899B4 /* Core/Models/AssistantBlock.swift */ = {isa = PBXFileReference; lastKnownFileType = sourcecode.swift; path = Core/Models/AssistantBlock.swift; sourceTree = "<group>"; };
		8F444D4E61BD917237691C10 /* Core/Models/SessionNewResponse.swift */ = {isa = PBXFileReference; lastKnownFileType = sourcecode.swift; path = Core/Models/SessionNewResponse.swift; sourceTree = "<group>"; };
		917CC3A1A04DF4E256D82202 /* Core/Persistence/DraftStore.swift */ = {isa = PBXFileReference; lastKnownFileType = sourcecode.swift; path = Core/Persistence/DraftStore.swift; sourceTree = "<group>"; };
		98462DE26ABC1C048EB25827 /* Features/Conversation/ConversationScreen.swift */ = {isa = PBXFileReference; lastKnownFileType = sourcecode.swift; path = Features/Conversation/ConversationScreen.swift; sourceTree = "<group>"; };
		98B6BF68B95F47088F453591 /* Core/Models/ConversationItem.swift */ = {isa = PBXFileReference; lastKnownFileType = sourcecode.swift; path = Core/Models/ConversationItem.swift; sourceTree = "<group>"; };
		9A049BD8D1F0F1524D1A757A /* Features/Sessions/SessionSidebarView.swift */ = {isa = PBXFileReference; lastKnownFileType = sourcecode.swift; path = Features/Sessions/SessionSidebarView.swift; sourceTree = "<group>"; };
		9A0AFCA4A18163BE4601A640 /* Features/Settings/SettingsView.swift */ = {isa = PBXFileReference; lastKnownFileType = sourcecode.swift; path = Features/Settings/SettingsView.swift; sourceTree = "<group>"; };
		A364872CADA7E769CAB69098 /* Core/Models/UiRequestOption.swift */ = {isa = PBXFileReference; lastKnownFileType = sourcecode.swift; path = Core/Models/UiRequestOption.swift; sourceTree = "<group>"; };
		A5237E7C9CC1ECEDD20771E8 /* Features/Conversation/UserMessageView.swift */ = {isa = PBXFileReference; lastKnownFileType = sourcecode.swift; path = Features/Conversation/UserMessageView.swift; sourceTree = "<group>"; };
		A71E060A0A6BDCDA2D8027CE /* Core/Models/SessionsEvent.swift */ = {isa = PBXFileReference; lastKnownFileType = sourcecode.swift; path = Core/Models/SessionsEvent.swift; sourceTree = "<group>"; };
		A92C3B2D5E0733AA0BF6A01F /* Core/Models/ModelResponse.swift */ = {isa = PBXFileReference; lastKnownFileType = sourcecode.swift; path = Core/Models/ModelResponse.swift; sourceTree = "<group>"; };
		AE83A36614257B098F0A2991 /* Resources/Info.plist */ = {isa = PBXFileReference; lastKnownFileType = text.plist.xml; path = Resources/Info.plist; sourceTree = "<group>"; };
		B10000000000000000000001 /* Core/Models/CompletionItem.swift */ = {isa = PBXFileReference; lastKnownFileType = sourcecode.swift; path = Core/Models/CompletionItem.swift; sourceTree = "<group>"; };
		B10000000000000000000002 /* Core/Models/DirectoryResolveResponse.swift */ = {isa = PBXFileReference; lastKnownFileType = sourcecode.swift; path = Core/Models/DirectoryResolveResponse.swift; sourceTree = "<group>"; };
		B10000000000000000000003 /* Core/Models/DirectorySearchResponse.swift */ = {isa = PBXFileReference; lastKnownFileType = sourcecode.swift; path = Core/Models/DirectorySearchResponse.swift; sourceTree = "<group>"; };
		B10000000000000000000004 /* Features/Sessions/DirectoryPathFormatter.swift */ = {isa = PBXFileReference; lastKnownFileType = sourcecode.swift; path = Features/Sessions/DirectoryPathFormatter.swift; sourceTree = "<group>"; };
		B10000000000000000000005 /* Features/Sessions/NewSessionDirectoryRow.swift */ = {isa = PBXFileReference; lastKnownFileType = sourcecode.swift; path = Features/Sessions/NewSessionDirectoryRow.swift; sourceTree = "<group>"; };
		B10000000000000000000006 /* Features/Sessions/NewSessionView.swift */ = {isa = PBXFileReference; lastKnownFileType = sourcecode.swift; path = Features/Sessions/NewSessionView.swift; sourceTree = "<group>"; };
		B10000000000000000000007 /* Core/Models/PathCompletionsResponse.swift */ = {isa = PBXFileReference; lastKnownFileType = sourcecode.swift; path = Core/Models/PathCompletionsResponse.swift; sourceTree = "<group>"; };
		B10000000000000000000008 /* Features/Sessions/NewSessionBrowseFolderView.swift */ = {isa = PBXFileReference; lastKnownFileType = sourcecode.swift; path = Features/Sessions/NewSessionBrowseFolderView.swift; sourceTree = "<group>"; };
		B10000000000000000000009 /* Features/Sessions/NewSessionCreateButtonBar.swift */ = {isa = PBXFileReference; lastKnownFileType = sourcecode.swift; path = Features/Sessions/NewSessionCreateButtonBar.swift; sourceTree = "<group>"; };
		B1000000000000000000000A /* Features/Sessions/NewSessionDirectoryLabel.swift */ = {isa = PBXFileReference; lastKnownFileType = sourcecode.swift; path = Features/Sessions/NewSessionDirectoryLabel.swift; sourceTree = "<group>"; };
		B1000000000000000000000B /* Features/Sessions/NewSessionOptionsMenu.swift */ = {isa = PBXFileReference; lastKnownFileType = sourcecode.swift; path = Features/Sessions/NewSessionOptionsMenu.swift; sourceTree = "<group>"; };
		B1000000000000000000000C /* Features/Sessions/NewSessionModelPickerView.swift */ = {isa = PBXFileReference; lastKnownFileType = sourcecode.swift; path = Features/Sessions/NewSessionModelPickerView.swift; sourceTree = "<group>"; };
		B1E447475068E9268F083D08 /* App/ConnectionStatus.swift */ = {isa = PBXFileReference; lastKnownFileType = sourcecode.swift; path = App/ConnectionStatus.swift; sourceTree = "<group>"; };
		B20000000000000000000001 /* Core/Models/AuthProviderKind.swift */ = {isa = PBXFileReference; lastKnownFileType = sourcecode.swift; path = Core/Models/AuthProviderKind.swift; sourceTree = "<group>"; };
		B20000000000000000000002 /* Core/Models/AuthProviderOption.swift */ = {isa = PBXFileReference; lastKnownFileType = sourcecode.swift; path = Core/Models/AuthProviderOption.swift; sourceTree = "<group>"; };
		B20000000000000000000003 /* Core/Models/AuthProvidersResponse.swift */ = {isa = PBXFileReference; lastKnownFileType = sourcecode.swift; path = Core/Models/AuthProvidersResponse.swift; sourceTree = "<group>"; };
		B20000000000000000000004 /* Core/Models/AuthMutationResponse.swift */ = {isa = PBXFileReference; lastKnownFileType = sourcecode.swift; path = Core/Models/AuthMutationResponse.swift; sourceTree = "<group>"; };
		B20000000000000000000005 /* Features/Settings/ProviderAuthSectionView.swift */ = {isa = PBXFileReference; lastKnownFileType = sourcecode.swift; path = Features/Settings/ProviderAuthSectionView.swift; sourceTree = "<group>"; };
		B20000000000000000000006 /* Features/Settings/AuthProviderRowView.swift */ = {isa = PBXFileReference; lastKnownFileType = sourcecode.swift; path = Features/Settings/AuthProviderRowView.swift; sourceTree = "<group>"; };
		B20000000000000000000007 /* Features/Settings/ApiKeyAuthSheetView.swift */ = {isa = PBXFileReference; lastKnownFileType = sourcecode.swift; path = Features/Settings/ApiKeyAuthSheetView.swift; sourceTree = "<group>"; };
		B20000000000000000000008 /* Features/Settings/AuthUiRequestSheetView.swift */ = {isa = PBXFileReference; lastKnownFileType = sourcecode.swift; path = Features/Settings/AuthUiRequestSheetView.swift; sourceTree = "<group>"; };
		B2885B1058D12CC8500CA0F8 /* Features/Sessions/ConnectionStatusBadge.swift */ = {isa = PBXFileReference; lastKnownFileType = sourcecode.swift; path = Features/Sessions/ConnectionStatusBadge.swift; sourceTree = "<group>"; };
		B6A93FBCDF8E4B32FF6A8C75 /* App/AppModel.swift */ = {isa = PBXFileReference; lastKnownFileType = sourcecode.swift; path = App/AppModel.swift; sourceTree = "<group>"; };
		B962513CEF5E446AB5015151 /* Features/Conversation/MarkdownTextView.swift */ = {isa = PBXFileReference; lastKnownFileType = sourcecode.swift; path = Features/Conversation/MarkdownTextView.swift; sourceTree = "<group>"; };
		BAAD4A0C4825F83B3D56C01D /* Features/Connections/ConnectionView.swift */ = {isa = PBXFileReference; lastKnownFileType = sourcecode.swift; path = Features/Connections/ConnectionView.swift; sourceTree = "<group>"; };
		C1431759DC59340AAE7DEDE7 /* Core/Models/ClientManifest.swift */ = {isa = PBXFileReference; lastKnownFileType = sourcecode.swift; path = Core/Models/ClientManifest.swift; sourceTree = "<group>"; };
		C17A19A6DBF23F40D2E73922 /* Core/Models/UiRequestOptionObject.swift */ = {isa = PBXFileReference; lastKnownFileType = sourcecode.swift; path = Core/Models/UiRequestOptionObject.swift; sourceTree = "<group>"; };
		C26CFC542C49E40A1FC540D2 /* Features/Conversation/ToolBlockView.swift */ = {isa = PBXFileReference; lastKnownFileType = sourcecode.swift; path = Features/Conversation/ToolBlockView.swift; sourceTree = "<group>"; };
		C33DEB5D1B8020CEB5140416 /* Core/Models/PromptRequestBody.swift */ = {isa = PBXFileReference; lastKnownFileType = sourcecode.swift; path = Core/Models/PromptRequestBody.swift; sourceTree = "<group>"; };
		C5AFAAC4439CEDCB8BEE0F60 /* Features/Conversation/ConversationItemView.swift */ = {isa = PBXFileReference; lastKnownFileType = sourcecode.swift; path = Features/Conversation/ConversationItemView.swift; sourceTree = "<group>"; };
		C8CDE257BD3B5940400B9788 /* Features/Sessions/SessionRowView.swift */ = {isa = PBXFileReference; lastKnownFileType = sourcecode.swift; path = Features/Sessions/SessionRowView.swift; sourceTree = "<group>"; };
		CB78EFF24232957A3ED467F2 /* Core/Models/PicoServerEvent.swift */ = {isa = PBXFileReference; lastKnownFileType = sourcecode.swift; path = Core/Models/PicoServerEvent.swift; sourceTree = "<group>"; };
		CD45F58D6D19A03B87C01AA9 /* Core/Models/ThinkingResponse.swift */ = {isa = PBXFileReference; lastKnownFileType = sourcecode.swift; path = Core/Models/ThinkingResponse.swift; sourceTree = "<group>"; };
		D1C39A4CAF49FBFE0E9AD69E /* Core/Models/JSONValue.swift */ = {isa = PBXFileReference; lastKnownFileType = sourcecode.swift; path = Core/Models/JSONValue.swift; sourceTree = "<group>"; };
		D4EB0EA4C6C89771E67B587B /* FixtureLoader.swift */ = {isa = PBXFileReference; lastKnownFileType = sourcecode.swift; path = FixtureLoader.swift; sourceTree = "<group>"; };
		D576CBC6EE486B0838C918F2 /* Features/Conversation/AssistantMessageView.swift */ = {isa = PBXFileReference; lastKnownFileType = sourcecode.swift; path = Features/Conversation/AssistantMessageView.swift; sourceTree = "<group>"; };
		D5BE202ADC469EB1351A79C1 /* Core/Models/CompactionBlock.swift */ = {isa = PBXFileReference; lastKnownFileType = sourcecode.swift; path = Core/Models/CompactionBlock.swift; sourceTree = "<group>"; };
		DC526A000BEA5093D617620B /* Core/Models/ApiErrorEnvelope.swift */ = {isa = PBXFileReference; lastKnownFileType = sourcecode.swift; path = Core/Models/ApiErrorEnvelope.swift; sourceTree = "<group>"; };
		DF036FD3DDADFE43FD5B6F63 /* App/AppAlert.swift */ = {isa = PBXFileReference; lastKnownFileType = sourcecode.swift; path = App/AppAlert.swift; sourceTree = "<group>"; };
		E43D73223A172FDB176A3039 /* Core/Models/ExtensionErrorEvent.swift */ = {isa = PBXFileReference; lastKnownFileType = sourcecode.swift; path = Core/Models/ExtensionErrorEvent.swift; sourceTree = "<group>"; };
		E6093E9FD3F04AB2140A786C /* Core/Models/PromptImage.swift */ = {isa = PBXFileReference; lastKnownFileType = sourcecode.swift; path = Core/Models/PromptImage.swift; sourceTree = "<group>"; };
		F30000000000000000000002 /* Features/Conversation/ToolFormatting.swift */ = {isa = PBXFileReference; lastKnownFileType = sourcecode.swift; path = Features/Conversation/ToolFormatting.swift; sourceTree = "<group>"; };
		F30000000000000000000004 /* ToolFormattingTests.swift */ = {isa = PBXFileReference; lastKnownFileType = sourcecode.swift; path = ToolFormattingTests.swift; sourceTree = "<group>"; };
		F30000000000000000000006 /* Features/Conversation/AnsiTextView.swift */ = {isa = PBXFileReference; lastKnownFileType = sourcecode.swift; path = Features/Conversation/AnsiTextView.swift; sourceTree = "<group>"; };
		F30000000000000000000008 /* Features/Conversation/ToolOutputViews.swift */ = {isa = PBXFileReference; lastKnownFileType = sourcecode.swift; path = Features/Conversation/ToolOutputViews.swift; sourceTree = "<group>"; };
		F3000000000000000000000A /* Features/Conversation/PierrePatchDiffView.swift */ = {isa = PBXFileReference; lastKnownFileType = sourcecode.swift; path = Features/Conversation/PierrePatchDiffView.swift; sourceTree = "<group>"; };
		F3000000000000000000000E /* AppIcon.icon */ = {isa = PBXFileReference; lastKnownFileType = com.apple.iconcomposer.icon; path = Resources/AppIcon.icon; sourceTree = "<group>"; };
		F431A05270D409C8F34759DF /* Core/Models/ToolBlock.swift */ = {isa = PBXFileReference; lastKnownFileType = sourcecode.swift; path = Core/Models/ToolBlock.swift; sourceTree = "<group>"; };
		F97C68B3538AC695A155E2FB /* Core/Models/StateSyncPayload.swift */ = {isa = PBXFileReference; lastKnownFileType = sourcecode.swift; path = Core/Models/StateSyncPayload.swift; sourceTree = "<group>"; };
		FB21F912F8DF9DA36E5237AB /* Core/Models/GitChangedEvent.swift */ = {isa = PBXFileReference; lastKnownFileType = sourcecode.swift; path = Core/Models/GitChangedEvent.swift; sourceTree = "<group>"; };
		B30000000000000000000001 /* Core/Models/GitStatusResponse.swift */ = {isa = PBXFileReference; lastKnownFileType = sourcecode.swift; path = Core/Models/GitStatusResponse.swift; sourceTree = "<group>"; };
		D40000000000000000000001 /* Core/Models/HighlightResponse.swift */ = {isa = PBXFileReference; lastKnownFileType = sourcecode.swift; path = Core/Models/HighlightResponse.swift; sourceTree = "<group>"; };
		FFEB0A8714341A1CDD708DD4 /* Features/Conversation/AssistantBlockView.swift */ = {isa = PBXFileReference; lastKnownFileType = sourcecode.swift; path = Features/Conversation/AssistantBlockView.swift; sourceTree = "<group>"; };
		C40000000000000000000001 /* App/AppModel+Git.swift */ = {isa = PBXFileReference; lastKnownFileType = sourcecode.swift; path = "App/AppModel+Git.swift"; sourceTree = "<group>"; };
		C40000000000000000000002 /* Features/Git/GitFormatting.swift */ = {isa = PBXFileReference; lastKnownFileType = sourcecode.swift; path = Features/Git/GitFormatting.swift; sourceTree = "<group>"; };
		C40000000000000000000003 /* Features/Git/ProjectFileTree.swift */ = {isa = PBXFileReference; lastKnownFileType = sourcecode.swift; path = Features/Git/ProjectFileTree.swift; sourceTree = "<group>"; };
		C40000000000000000000004 /* Features/Git/GitSharedViews.swift */ = {isa = PBXFileReference; lastKnownFileType = sourcecode.swift; path = Features/Git/GitSharedViews.swift; sourceTree = "<group>"; };
		C40000000000000000000005 /* Features/Git/GitPatchView.swift */ = {isa = PBXFileReference; lastKnownFileType = sourcecode.swift; path = Features/Git/GitPatchView.swift; sourceTree = "<group>"; };
		C40000000000000000000006 /* Features/Git/GitWorkspaceView.swift */ = {isa = PBXFileReference; lastKnownFileType = sourcecode.swift; path = Features/Git/GitWorkspaceView.swift; sourceTree = "<group>"; };
		C40000000000000000000007 /* Features/Git/GitChangesWorkspaceView.swift */ = {isa = PBXFileReference; lastKnownFileType = sourcecode.swift; path = Features/Git/GitChangesWorkspaceView.swift; sourceTree = "<group>"; };
		C40000000000000000000008 /* Features/Git/GitHistoryView.swift */ = {isa = PBXFileReference; lastKnownFileType = sourcecode.swift; path = Features/Git/GitHistoryView.swift; sourceTree = "<group>"; };
		C40000000000000000000009 /* Features/Git/ProjectFilesWorkspaceView.swift */ = {isa = PBXFileReference; lastKnownFileType = sourcecode.swift; path = Features/Git/ProjectFilesWorkspaceView.swift; sourceTree = "<group>"; };
		C4000000000000000000000A /* Features/Git/GitBranchSheetView.swift */ = {isa = PBXFileReference; lastKnownFileType = sourcecode.swift; path = Features/Git/GitBranchSheetView.swift; sourceTree = "<group>"; };
		C4000000000000000000000B /* Features/Git/GitCommitSheetView.swift */ = {isa = PBXFileReference; lastKnownFileType = sourcecode.swift; path = Features/Git/GitCommitSheetView.swift; sourceTree = "<group>"; };
		C4000000000000000000000C /* GitFeatureTests.swift */ = {isa = PBXFileReference; lastKnownFileType = sourcecode.swift; path = GitFeatureTests.swift; sourceTree = "<group>"; };
		C4000000000000000000000D /* Features/Git/GitCommitGraph.swift */ = {isa = PBXFileReference; lastKnownFileType = sourcecode.swift; path = Features/Git/GitCommitGraph.swift; sourceTree = "<group>"; };
		C4000000000000000000000E /* Features/Git/GitCommitGraphColumnView.swift */ = {isa = PBXFileReference; lastKnownFileType = sourcecode.swift; path = Features/Git/GitCommitGraphColumnView.swift; sourceTree = "<group>"; };
		D40000000000000000000002 /* Features/Git/CodeFileLanguage.swift */ = {isa = PBXFileReference; lastKnownFileType = sourcecode.swift; path = Features/Git/CodeFileLanguage.swift; sourceTree = "<group>"; };
		D40000000000000000000003 /* Features/Git/CodeHighlightResult.swift */ = {isa = PBXFileReference; lastKnownFileType = sourcecode.swift; path = Features/Git/CodeHighlightResult.swift; sourceTree = "<group>"; };
		D40000000000000000000004 /* Features/Git/CodeSyntaxPalette.swift */ = {isa = PBXFileReference; lastKnownFileType = sourcecode.swift; path = Features/Git/CodeSyntaxPalette.swift; sourceTree = "<group>"; };
		D40000000000000000000005 /* Features/Git/ShikiHighlightedHTMLParser.swift */ = {isa = PBXFileReference; lastKnownFileType = sourcecode.swift; path = Features/Git/ShikiHighlightedHTMLParser.swift; sourceTree = "<group>"; };
		D40000000000000000000006 /* Features/Git/CodeAttributedStringBuilder.swift */ = {isa = PBXFileReference; lastKnownFileType = sourcecode.swift; path = Features/Git/CodeAttributedStringBuilder.swift; sourceTree = "<group>"; };
		D40000000000000000000007 /* Features/Git/CodeFileTextView.swift */ = {isa = PBXFileReference; lastKnownFileType = sourcecode.swift; path = Features/Git/CodeFileTextView.swift; sourceTree = "<group>"; };
/* End PBXFileReference section */

/* Begin PBXFrameworksBuildPhase section */
		55732E4388731B55AB395E93 /* Frameworks */ = {
			isa = PBXFrameworksBuildPhase;
			buildActionMask = 2147483647;
			files = (
			);
			runOnlyForDeploymentPostprocessing = 0;
		};
		B4FCE3DC720AC033C256909C /* Frameworks */ = {
			isa = PBXFrameworksBuildPhase;
			buildActionMask = 2147483647;
			files = (
				E60000000000000000000003 /* LucideSwift in Frameworks */,
			);
			runOnlyForDeploymentPostprocessing = 0;
		};
/* End PBXFrameworksBuildPhase section */

/* Begin PBXGroup section */
		4AD6CA4D4483DD7E6199EFB5 /* Pico */ = {
			isa = PBXGroup;
			children = (
				DF036FD3DDADFE43FD5B6F63 /* App/AppAlert.swift */,
				B6A93FBCDF8E4B32FF6A8C75 /* App/AppModel.swift */,
				C40000000000000000000001 /* App/AppModel+Git.swift */,
				B1E447475068E9268F083D08 /* App/ConnectionStatus.swift */,
				11E8B4150A6FF58BBCED5F14 /* App/RootView.swift */,
				8A99C79EE95E2FAFC35B9211 /* App/WorkspaceView.swift */,
				0E1DF8C2558503E4E6679E94 /* Core/API/PicoAPIClient.swift */,
				4FCFAE19EF4045665C95D048 /* Core/API/PicoAPIError.swift */,
				8E96355AEF5B561C25C23E50 /* Core/API/PicoEndpoint.swift */,
				629AB8103B0701E467C08058 /* Core/Events/PicoEventStream.swift */,
				4E347CB35281434D142A6137 /* Core/Events/PicoStreamEvent.swift */,
				816E3AED10A93376887AE171 /* Core/Events/SSEEvent.swift */,
				37203F09739079E4EABE2C06 /* Core/Events/SSEEventParser.swift */,
				DC526A000BEA5093D617620B /* Core/Models/ApiErrorEnvelope.swift */,
				8F0B0EBBEF2FDF4F461899B4 /* Core/Models/AssistantBlock.swift */,
				8A6E9BB69579C255654DF643 /* Core/Models/AssistantConversationItem.swift */,
				1166DA74D372ACBB58CB9D84 /* Core/Models/AutoSessionNamingErrorEvent.swift */,
				C1431759DC59340AAE7DEDE7 /* Core/Models/ClientManifest.swift */,
				7917B053F3BE284252496E51 /* Core/Models/ClientManifestAuthentication.swift */,
				6F22961327B2D09E5AB29274 /* Core/Models/ClientManifestCapabilities.swift */,
				0DDB847391E4219014F9C88A /* Core/Models/ClientManifestTransport.swift */,
				D5BE202ADC469EB1351A79C1 /* Core/Models/CompactionBlock.swift */,
				B10000000000000000000001 /* Core/Models/CompletionItem.swift */,
				8934FA9827018A9EC871088C /* Core/Models/ContextUsage.swift */,
				98B6BF68B95F47088F453591 /* Core/Models/ConversationItem.swift */,
				4B70004BEED2BA32DB42F505 /* Core/Models/ConversationItemsPatch.swift */,
				8D6A8C0C64C28FAC4AC2402F /* Core/Models/DirectorySessionsIndexSnapshot.swift */,
				B10000000000000000000002 /* Core/Models/DirectoryResolveResponse.swift */,
				B10000000000000000000003 /* Core/Models/DirectorySearchResponse.swift */,
				8B4ABD94DFE86DD531A6A656 /* Core/Models/DirectoryState.swift */,
				E43D73223A172FDB176A3039 /* Core/Models/ExtensionErrorEvent.swift */,
				FB21F912F8DF9DA36E5237AB /* Core/Models/GitChangedEvent.swift */,
				B30000000000000000000001 /* Core/Models/GitStatusResponse.swift */,
				D40000000000000000000001 /* Core/Models/HighlightResponse.swift */,
				D1C39A4CAF49FBFE0E9AD69E /* Core/Models/JSONValue.swift */,
				7FB0CA216AB038CBB0AE04D9 /* Core/Models/ModelOption.swift */,
				A92C3B2D5E0733AA0BF6A01F /* Core/Models/ModelResponse.swift */,
				B10000000000000000000007 /* Core/Models/PathCompletionsResponse.swift */,
				5925A9E1ACB662178411CAA4 /* Core/Models/PendingUserMessage.swift */,
				CB78EFF24232957A3ED467F2 /* Core/Models/PicoServerEvent.swift */,
				E6093E9FD3F04AB2140A786C /* Core/Models/PromptImage.swift */,
				C33DEB5D1B8020CEB5140416 /* Core/Models/PromptRequestBody.swift */,
				5403C17E9C154187C52A69F0 /* Core/Models/PromptResponse.swift */,
				51497360E15D7DBC49CBAE28 /* Core/Models/RequestErrorEvent.swift */,
				896E75A417B1FF0BCCF0C446 /* Core/Models/SessionDoneEvent.swift */,
				544DB39957D59EC6A5C97568 /* Core/Models/SessionListEntry.swift */,
				83A904DB0A48E167DA7BA7EE /* Core/Models/SessionNewRequestBody.swift */,
				8F444D4E61BD917237691C10 /* Core/Models/SessionNewResponse.swift */,
				A40000000000000000000002 /* Core/Models/ForkSessionResponse.swift */,
				128F2174D3B7BC0730339FA2 /* Core/Models/SessionState.swift */,
				1AEF0E9964CCFFD923E6988A /* Core/Models/SessionStatusEvent.swift */,
				2BD961FD2F8D078F274A37A6 /* Core/Models/SessionUiState.swift */,
				A71E060A0A6BDCDA2D8027CE /* Core/Models/SessionsEvent.swift */,
				427E40708A9D0F2DA5189A20 /* Core/Models/SimpleOkResponse.swift */,
				7C40095B960CD84D2329089C /* Core/Models/SkillOption.swift */,
				F97C68B3538AC695A155E2FB /* Core/Models/StateSyncPayload.swift */,
				168A9C08E01B2C0C076E36D0 /* Core/Models/StreamingBehavior.swift */,
				0898037D501376B858C08E23 /* Core/Models/TextBlock.swift */,
				3FCB064155DBB48B0CCB62DF /* Core/Models/ThinkingBlock.swift */,
				CD45F58D6D19A03B87C01AA9 /* Core/Models/ThinkingResponse.swift */,
				F431A05270D409C8F34759DF /* Core/Models/ToolBlock.swift */,
				16B4BB5288ADA12749CBA7F3 /* Core/Models/UiRequest.swift */,
				A364872CADA7E769CAB69098 /* Core/Models/UiRequestOption.swift */,
				C17A19A6DBF23F40D2E73922 /* Core/Models/UiRequestOptionObject.swift */,
				2A407A5FB61E13F12041AAB4 /* Core/Models/UnknownAssistantBlock.swift */,
				1E33471E59825791C2B50904 /* Core/Models/UserConversationItem.swift */,
				26006D217AC1DB0718AB63D1 /* Core/Models/UserMessageEvent.swift */,
				59F749AC43C6A833BD2D59B9 /* Core/Persistence/ConnectionStore.swift */,
				024183A22119797BA4E3812C /* Core/Persistence/CredentialStore.swift */,
				917CC3A1A04DF4E256D82202 /* Core/Persistence/DraftStore.swift */,
				E60000000000000000000002 /* Core/UI/PicoIcon.swift */,
				45D498E92AC06FA340A26C6A /* Features/Composer/ComposerView.swift */,
				5FF0827613EB43B5A1373BCE /* Features/Composer/PendingMessagesView.swift */,
				4A5B98205CAC380630135192 /* Features/Composer/StreamingBehaviorMenu.swift */,
				4F66CB45B6BF5E7721748D81 /* Features/Connections/ConnectionFormView.swift */,
				2CF173D7EC87350478A08FEF /* Features/Connections/ConnectionHeroView.swift */,
				BAAD4A0C4825F83B3D56C01D /* Features/Connections/ConnectionView.swift */,
				FFEB0A8714341A1CDD708DD4 /* Features/Conversation/AssistantBlockView.swift */,
				D576CBC6EE486B0838C918F2 /* Features/Conversation/AssistantMessageView.swift */,
				1F2841DA60B0E66A181AA997 /* Features/Conversation/CompactionBlockView.swift */,
				4E721977D6C21211F8C74574 /* Features/Conversation/ConversationHeaderView.swift */,
				C5AFAAC4439CEDCB8BEE0F60 /* Features/Conversation/ConversationItemView.swift */,
				98462DE26ABC1C048EB25827 /* Features/Conversation/ConversationScreen.swift */,
				72AEC1B22A7DB61E8E8DB1D6 /* Features/Conversation/ConversationView.swift */,
				B962513CEF5E446AB5015151 /* Features/Conversation/MarkdownTextView.swift */,
				77EA775A48F38E2FD964EAEA /* Features/Conversation/ModelMenuView.swift */,
				4A02F898202D843650506CF7 /* Features/Conversation/ThinkingBlockView.swift */,
				2FFCFEE725C38640278194A4 /* Features/Conversation/ThinkingMenuView.swift */,
				C26CFC542C49E40A1FC540D2 /* Features/Conversation/ToolBlockView.swift */,
				F30000000000000000000002 /* Features/Conversation/ToolFormatting.swift */,
				F30000000000000000000008 /* Features/Conversation/ToolOutputViews.swift */,
				F30000000000000000000006 /* Features/Conversation/AnsiTextView.swift */,
				F3000000000000000000000A /* Features/Conversation/PierrePatchDiffView.swift */,
				A5237E7C9CC1ECEDD20771E8 /* Features/Conversation/UserMessageView.swift */,
				D40000000000000000000006 /* Features/Git/CodeAttributedStringBuilder.swift */,
				D40000000000000000000002 /* Features/Git/CodeFileLanguage.swift */,
				D40000000000000000000007 /* Features/Git/CodeFileTextView.swift */,
				D40000000000000000000003 /* Features/Git/CodeHighlightResult.swift */,
				D40000000000000000000004 /* Features/Git/CodeSyntaxPalette.swift */,
				C40000000000000000000002 /* Features/Git/GitFormatting.swift */,
				C40000000000000000000003 /* Features/Git/ProjectFileTree.swift */,
				C40000000000000000000004 /* Features/Git/GitSharedViews.swift */,
				C40000000000000000000005 /* Features/Git/GitPatchView.swift */,
				C40000000000000000000006 /* Features/Git/GitWorkspaceView.swift */,
				C40000000000000000000007 /* Features/Git/GitChangesWorkspaceView.swift */,
				C40000000000000000000008 /* Features/Git/GitHistoryView.swift */,
				C4000000000000000000000D /* Features/Git/GitCommitGraph.swift */,
				C4000000000000000000000E /* Features/Git/GitCommitGraphColumnView.swift */,
				C40000000000000000000009 /* Features/Git/ProjectFilesWorkspaceView.swift */,
				C4000000000000000000000A /* Features/Git/GitBranchSheetView.swift */,
				C4000000000000000000000B /* Features/Git/GitCommitSheetView.swift */,
				D40000000000000000000005 /* Features/Git/ShikiHighlightedHTMLParser.swift */,
				B2885B1058D12CC8500CA0F8 /* Features/Sessions/ConnectionStatusBadge.swift */,
				544DDDAE75B2CB2572A56D97 /* Features/Sessions/DirectorySessionsSectionView.swift */,
				B10000000000000000000004 /* Features/Sessions/DirectoryPathFormatter.swift */,
				B10000000000000000000005 /* Features/Sessions/NewSessionDirectoryRow.swift */,
				B10000000000000000000006 /* Features/Sessions/NewSessionView.swift */,
				B10000000000000000000008 /* Features/Sessions/NewSessionBrowseFolderView.swift */,
				B10000000000000000000009 /* Features/Sessions/NewSessionCreateButtonBar.swift */,
				B1000000000000000000000A /* Features/Sessions/NewSessionDirectoryLabel.swift */,
				B1000000000000000000000B /* Features/Sessions/NewSessionOptionsMenu.swift */,
				B1000000000000000000000C /* Features/Sessions/NewSessionModelPickerView.swift */,
				B20000000000000000000001 /* Core/Models/AuthProviderKind.swift */,
				B20000000000000000000002 /* Core/Models/AuthProviderOption.swift */,
				B20000000000000000000003 /* Core/Models/AuthProvidersResponse.swift */,
				B20000000000000000000004 /* Core/Models/AuthMutationResponse.swift */,
				B20000000000000000000005 /* Features/Settings/ProviderAuthSectionView.swift */,
				B20000000000000000000006 /* Features/Settings/AuthProviderRowView.swift */,
				B20000000000000000000007 /* Features/Settings/ApiKeyAuthSheetView.swift */,
				B20000000000000000000008 /* Features/Settings/AuthUiRequestSheetView.swift */,
				C8CDE257BD3B5940400B9788 /* Features/Sessions/SessionRowView.swift */,
				9A049BD8D1F0F1524D1A757A /* Features/Sessions/SessionSidebarView.swift */,
				9A0AFCA4A18163BE4601A640 /* Features/Settings/SettingsView.swift */,
				6E6470F1A03986D4B67A4BCD /* PicoApp.swift */,
				AE83A36614257B098F0A2991 /* Resources/Info.plist */,
				3AA418C32398BF54AB67A201 /* Resources/Assets.xcassets */,
				F3000000000000000000000E /* AppIcon.icon */,
			);
			path = Pico;
			sourceTree = "<group>";
		};
		7F59C6CB8BFDA9B7448C4A94 /* PicoTests */ = {
			isa = PBXGroup;
			children = (
				D4EB0EA4C6C89771E67B587B /* FixtureLoader.swift */,
				43217CBD44C9114EF53E463C /* PicoServerEventTests.swift */,
				604C09F156DF1907DC203561 /* SSEEventParserTests.swift */,
				289C7DE7F440C3014996C6DB /* SessionStateReducerTests.swift */,
				F30000000000000000000004 /* ToolFormattingTests.swift */,
				C4000000000000000000000C /* GitFeatureTests.swift */,
			);
			path = PicoTests;
			sourceTree = "<group>";
		};
		B65B87CF128A44E5BA45FFD4 /* Products */ = {
			isa = PBXGroup;
			children = (
				8826B757F97B59CD37A46C73 /* Pico.app */,
				09DBFEA606D6F90335721E40 /* PicoTests.xctest */,
			);
			name = Products;
			sourceTree = "<group>";
		};
		BEDB3DF597FAA523D964EAA5 /* ../Fixtures */ = {
			isa = PBXGroup;
			children = (
				7409BE932B5774B607FBCC1D /* sessions_event.json */,
				4235466D4537838F00690942 /* state_sync_initial.json */,
				07E8B7F815FE4A06E1C73866 /* state_sync_patch.json */,
			);
			path = ../Fixtures;
			sourceTree = "<group>";
		};
		F729E66E55007E055E036E6F = {
			isa = PBXGroup;
			children = (
				4AD6CA4D4483DD7E6199EFB5 /* Pico */,
				7F59C6CB8BFDA9B7448C4A94 /* PicoTests */,
				BEDB3DF597FAA523D964EAA5 /* ../Fixtures */,
				B65B87CF128A44E5BA45FFD4 /* Products */,
			);
			sourceTree = "<group>";
		};
/* End PBXGroup section */

/* Begin PBXNativeTarget section */
		17D7C8553F3BB90338C4B606 /* PicoTests */ = {
			isa = PBXNativeTarget;
			buildConfigurationList = 590B6A09C01807E49C6BA45B /* Build configuration list for PBXNativeTarget "PicoTests" */;
			buildPhases = (
				DD58730454EC6D0F490087F6 /* Sources */,
				55732E4388731B55AB395E93 /* Frameworks */,
				83EAC33A2B843DD16F452242 /* Resources */,
			);
			buildRules = (
			);
			dependencies = (
				15F0AB3DC407012395968256 /* PBXTargetDependency */,
			);
			name = PicoTests;
			productName = PicoTests;
			productReference = 09DBFEA606D6F90335721E40 /* PicoTests.xctest */;
			productType = "com.apple.product-type.bundle.unit-test";
		};
		A15DB5F98DBEB9053309FBDA /* Pico */ = {
			isa = PBXNativeTarget;
			buildConfigurationList = 38A1ED16618E7E622A46BB2E /* Build configuration list for PBXNativeTarget "Pico" */;
			buildPhases = (
				8608FF1ADBD189EC3ECD92DA /* Sources */,
				B4FCE3DC720AC033C256909C /* Frameworks */,
				4781AF8B1B7821FE3A04EC87 /* Resources */,
			);
			buildRules = (
			);
			dependencies = (
			);
			name = Pico;
			packageProductDependencies = (
				E60000000000000000000004 /* LucideSwift */,
			);
			productName = Pico;
			productReference = 8826B757F97B59CD37A46C73 /* Pico.app */;
			productType = "com.apple.product-type.application";
		};
/* End PBXNativeTarget section */

/* Begin PBXProject section */
		5CD759D4193846E4910FD9BB /* Project object */ = {
			isa = PBXProject;
			attributes = {
				BuildIndependentTargetsInParallel = 1;
				LastSwiftUpdateCheck = 2600;
				LastUpgradeCheck = 2620;
				TargetAttributes = {
					17D7C8553F3BB90338C4B606 = {
						CreatedOnToolsVersion = 26.2;
						TestTargetID = A15DB5F98DBEB9053309FBDA;
					};
					A15DB5F98DBEB9053309FBDA = {
						CreatedOnToolsVersion = 26.2;
					};
				};
			};
			buildConfigurationList = 7D2811BDE7CEF7224D362561 /* Build configuration list for PBXProject "Pico" */;
			compatibilityVersion = "Xcode 14.0";
			developmentRegion = en;
			hasScannedForEncodings = 0;
			knownRegions = (
				en,
				Base,
			);
			mainGroup = F729E66E55007E055E036E6F;
			packageReferences = (
				E60000000000000000000005 /* XCLocalSwiftPackageReference "LucideSwift" */,
			);
			productRefGroup = B65B87CF128A44E5BA45FFD4 /* Products */;
			projectDirPath = "";
			projectRoot = "";
			targets = (
				A15DB5F98DBEB9053309FBDA /* Pico */,
				17D7C8553F3BB90338C4B606 /* PicoTests */,
			);
		};
/* End PBXProject section */

/* Begin PBXResourcesBuildPhase section */
		4781AF8B1B7821FE3A04EC87 /* Resources */ = {
			isa = PBXResourcesBuildPhase;
			buildActionMask = 2147483647;
			files = (
				1718BE091536A0BFDE545DD2 /* Resources/Assets.xcassets in Resources */,
				F3000000000000000000000D /* AppIcon.icon in Resources */,
			);
			runOnlyForDeploymentPostprocessing = 0;
		};
		83EAC33A2B843DD16F452242 /* Resources */ = {
			isa = PBXResourcesBuildPhase;
			buildActionMask = 2147483647;
			files = (
				77B627E03876940A25F538F5 /* sessions_event.json in Resources */,
				3E44A66F62D4FD305DADFD45 /* state_sync_initial.json in Resources */,
				61A513C2CE563B35B548AD26 /* state_sync_patch.json in Resources */,
			);
			runOnlyForDeploymentPostprocessing = 0;
		};
/* End PBXResourcesBuildPhase section */

/* Begin PBXSourcesBuildPhase section */
		8608FF1ADBD189EC3ECD92DA /* Sources */ = {
			isa = PBXSourcesBuildPhase;
			buildActionMask = 2147483647;
			files = (
				8CF94CC6DC666351130A9A9B /* App/AppAlert.swift in Sources */,
				FD2B6D6D25C7EA4773022D3F /* App/AppModel.swift in Sources */,
				C50000000000000000000001 /* App/AppModel+Git.swift in Sources */,
				902C83A4A472CFD0AFBF14D4 /* App/ConnectionStatus.swift in Sources */,
				D1A0B7AD3FD98F9CB326AA46 /* App/RootView.swift in Sources */,
				34D4E50F6B15CB6912CCFE86 /* App/WorkspaceView.swift in Sources */,
				BF4AA6C8B322E15BF8FD8D1E /* Core/API/PicoAPIClient.swift in Sources */,
				6D977BE53B09E224C6FC0078 /* Core/API/PicoAPIError.swift in Sources */,
				49604C4E34846C79B8430365 /* Core/API/PicoEndpoint.swift in Sources */,
				79806E232D4E1BD81D384EA4 /* Core/Events/PicoEventStream.swift in Sources */,
				B435C35D0473C936A1C3D47D /* Core/Events/PicoStreamEvent.swift in Sources */,
				D7B42CDE924BC2D2177D310B /* Core/Events/SSEEvent.swift in Sources */,
				B065708C86A160E6E5299D7A /* Core/Events/SSEEventParser.swift in Sources */,
				7C7B30B5C49FD40B159C5DC2 /* Core/Models/ApiErrorEnvelope.swift in Sources */,
				72BB13673F82FAE56A4D5416 /* Core/Models/AssistantBlock.swift in Sources */,
				5ED525CD450C5E7D702A6B49 /* Core/Models/AssistantConversationItem.swift in Sources */,
				095E239EB7CCEF96AD8F16A4 /* Core/Models/AutoSessionNamingErrorEvent.swift in Sources */,
				65E51806F8F3579DBC4EA7A9 /* Core/Models/ClientManifest.swift in Sources */,
				FB562EAB8187C4F75CC72356 /* Core/Models/ClientManifestAuthentication.swift in Sources */,
				B230CB9A92929AB54415F257 /* Core/Models/ClientManifestCapabilities.swift in Sources */,
				A6F21617283A5A2C7EFD7A9E /* Core/Models/ClientManifestTransport.swift in Sources */,
				F82F82DC8CEECC76EC0C0453 /* Core/Models/CompactionBlock.swift in Sources */,
				87D0CCD2F2B80CD4B360E008 /* Core/Models/ContextUsage.swift in Sources */,
				01D0CDA9B576D642E32E3BCB /* Core/Models/ConversationItem.swift in Sources */,
				65CD49DACF0D2DEBCD11E15E /* Core/Models/ConversationItemsPatch.swift in Sources */,
				AFDFFD31CEA0AA88C624717A /* Core/Models/DirectorySessionsIndexSnapshot.swift in Sources */,
				D026655FA48D1220F9FA6827 /* Core/Models/DirectoryState.swift in Sources */,
				CB64958F99A1DE5F080F3EA5 /* Core/Models/ExtensionErrorEvent.swift in Sources */,
				7B1B278D50C1E7BCDA0F6E37 /* Core/Models/GitChangedEvent.swift in Sources */,
				A30000000000000000000001 /* Core/Models/GitStatusResponse.swift in Sources */,
				D50000000000000000000001 /* Core/Models/HighlightResponse.swift in Sources */,
				34ECB8B0CC8D2DE3146DD651 /* Core/Models/JSONValue.swift in Sources */,
				AF6CB0A8AE07F2068FCFABD9 /* Core/Models/ModelOption.swift in Sources */,
				98D14931C9DC99AFD169CA58 /* Core/Models/ModelResponse.swift in Sources */,
				71CD6E6F0D8FCB590BCF73EE /* Core/Models/PendingUserMessage.swift in Sources */,
				35D1CC824AEBC604720A92A5 /* Core/Models/PicoServerEvent.swift in Sources */,
				282C8F6C19855D4C44267C89 /* Core/Models/PromptImage.swift in Sources */,
				E68D62BC99F5DC1CD1F261E6 /* Core/Models/PromptRequestBody.swift in Sources */,
				439B0008E232B4FB1F6D18E9 /* Core/Models/PromptResponse.swift in Sources */,
				692F092544E23218782F8B62 /* Core/Models/RequestErrorEvent.swift in Sources */,
				BCBBB7D66B4836154737478E /* Core/Models/SessionDoneEvent.swift in Sources */,
				A89422B1DD6F4107628C34B6 /* Core/Models/SessionListEntry.swift in Sources */,
				C05904751CBBB5813D20D61B /* Core/Models/SessionNewRequestBody.swift in Sources */,
				EEA1F0613547A1DDE62FA55D /* Core/Models/SessionNewResponse.swift in Sources */,
				A40000000000000000000001 /* Core/Models/ForkSessionResponse.swift in Sources */,
				0152DB3236EA0880514BDAB0 /* Core/Models/SessionState.swift in Sources */,
				00F6ACAB7604A055D89430E2 /* Core/Models/SessionStatusEvent.swift in Sources */,
				274D11033AF02F056E9D1133 /* Core/Models/SessionUiState.swift in Sources */,
				BFB7883FDFEF98891890556C /* Core/Models/SessionsEvent.swift in Sources */,
				66CEBC3BA7A37C71AF9EEFDF /* Core/Models/SimpleOkResponse.swift in Sources */,
				B4E31E13E0191D5027A99552 /* Core/Models/SkillOption.swift in Sources */,
				8F342C8114D7BD2886277BA4 /* Core/Models/StateSyncPayload.swift in Sources */,
				B2F6A64928961EB70A238201 /* Core/Models/StreamingBehavior.swift in Sources */,
				3D337C11CD3785EF2F95534F /* Core/Models/TextBlock.swift in Sources */,
				6FAB1B1F059E517387E2A748 /* Core/Models/ThinkingBlock.swift in Sources */,
				1A7A09347B91ECEAA19D2137 /* Core/Models/ThinkingResponse.swift in Sources */,
				6E4B480FB2527DA7B6BA4A0C /* Core/Models/ToolBlock.swift in Sources */,
				1AA4BEC0D7B05D7D24A7604E /* Core/Models/UiRequest.swift in Sources */,
				F7BD872D5626166C6308A356 /* Core/Models/UiRequestOption.swift in Sources */,
				664BECAE2E5639E5D5C021AC /* Core/Models/UiRequestOptionObject.swift in Sources */,
				08D0BE0240963B50AEF82F99 /* Core/Models/UnknownAssistantBlock.swift in Sources */,
				40390048DF7F630AC2D47A42 /* Core/Models/UserConversationItem.swift in Sources */,
				4F21610B16CAF911B71DEE68 /* Core/Models/UserMessageEvent.swift in Sources */,
				29E94C8AE5710F96AD575412 /* Core/Persistence/ConnectionStore.swift in Sources */,
				C0D532D56ABAA4CD8C0F2F2D /* Core/Persistence/CredentialStore.swift in Sources */,
				DFF67019BB954EF276B4A72C /* Core/Persistence/DraftStore.swift in Sources */,
				E60000000000000000000001 /* Core/UI/PicoIcon.swift in Sources */,
				001D000E66261E1E7231FFBF /* Features/Composer/ComposerView.swift in Sources */,
				8BE006BB949E15EEE5AB36D3 /* Features/Composer/PendingMessagesView.swift in Sources */,
				0E06ECBE3EB06C1AFBB50479 /* Features/Composer/StreamingBehaviorMenu.swift in Sources */,
				64B2C8177941B7504CA0BAAE /* Features/Connections/ConnectionFormView.swift in Sources */,
				908DC7E12FAB6B952B84433E /* Features/Connections/ConnectionHeroView.swift in Sources */,
				B8849499CB5E91BD870FD4DE /* Features/Connections/ConnectionView.swift in Sources */,
				602E174C4FEBCE626FB797F8 /* Features/Conversation/AssistantBlockView.swift in Sources */,
				D6DDD2E4A3B591E27F0CC58F /* Features/Conversation/AssistantMessageView.swift in Sources */,
				8DE58A3FC2D545391E8A8644 /* Features/Conversation/CompactionBlockView.swift in Sources */,
				470540A65D6F78FD0AA75007 /* Features/Conversation/ConversationHeaderView.swift in Sources */,
				4D4F21AEBEF1CFEBA323A59F /* Features/Conversation/ConversationItemView.swift in Sources */,
				57E5E7059E42EC4B3196318D /* Features/Conversation/ConversationScreen.swift in Sources */,
				AD10DCD56DAD8F44271E6867 /* Features/Conversation/ConversationView.swift in Sources */,
				F2553BA45CCE48878A8A9262 /* Features/Conversation/MarkdownTextView.swift in Sources */,
				A3397286DA11F03AFE89BE02 /* Features/Conversation/ModelMenuView.swift in Sources */,
				218DA4C8F476515300DC25B5 /* Features/Conversation/ThinkingBlockView.swift in Sources */,
				A202F9FA966DF42AB9B3BC51 /* Features/Conversation/ThinkingMenuView.swift in Sources */,
				FCB974B9E760FACA0D4B73B7 /* Features/Conversation/ToolBlockView.swift in Sources */,
				F30000000000000000000001 /* Features/Conversation/ToolFormatting.swift in Sources */,
				F30000000000000000000007 /* Features/Conversation/ToolOutputViews.swift in Sources */,
				F30000000000000000000005 /* Features/Conversation/AnsiTextView.swift in Sources */,
				F30000000000000000000009 /* Features/Conversation/PierrePatchDiffView.swift in Sources */,
				C69946379F7163E80069A38B /* Features/Conversation/UserMessageView.swift in Sources */,
				D50000000000000000000006 /* Features/Git/CodeAttributedStringBuilder.swift in Sources */,
				D50000000000000000000002 /* Features/Git/CodeFileLanguage.swift in Sources */,
				D50000000000000000000007 /* Features/Git/CodeFileTextView.swift in Sources */,
				D50000000000000000000003 /* Features/Git/CodeHighlightResult.swift in Sources */,
				D50000000000000000000004 /* Features/Git/CodeSyntaxPalette.swift in Sources */,
				C50000000000000000000002 /* Features/Git/GitFormatting.swift in Sources */,
				C50000000000000000000003 /* Features/Git/ProjectFileTree.swift in Sources */,
				C50000000000000000000004 /* Features/Git/GitSharedViews.swift in Sources */,
				C50000000000000000000005 /* Features/Git/GitPatchView.swift in Sources */,
				C50000000000000000000006 /* Features/Git/GitWorkspaceView.swift in Sources */,
				C50000000000000000000007 /* Features/Git/GitChangesWorkspaceView.swift in Sources */,
				C50000000000000000000008 /* Features/Git/GitHistoryView.swift in Sources */,
				C5000000000000000000000D /* Features/Git/GitCommitGraph.swift in Sources */,
				C5000000000000000000000E /* Features/Git/GitCommitGraphColumnView.swift in Sources */,
				C50000000000000000000009 /* Features/Git/ProjectFilesWorkspaceView.swift in Sources */,
				C5000000000000000000000A /* Features/Git/GitBranchSheetView.swift in Sources */,
				C5000000000000000000000B /* Features/Git/GitCommitSheetView.swift in Sources */,
				D50000000000000000000005 /* Features/Git/ShikiHighlightedHTMLParser.swift in Sources */,
				0BC9F6CDD845F0BC1752F918 /* Features/Sessions/ConnectionStatusBadge.swift in Sources */,
				DC3AB145623AC20BE6590832 /* Features/Sessions/DirectorySessionsSectionView.swift in Sources */,
				A10000000000000000000001 /* Core/Models/CompletionItem.swift in Sources */,
				A10000000000000000000002 /* Core/Models/DirectoryResolveResponse.swift in Sources */,
				A10000000000000000000003 /* Core/Models/DirectorySearchResponse.swift in Sources */,
				A10000000000000000000004 /* Features/Sessions/DirectoryPathFormatter.swift in Sources */,
				A10000000000000000000005 /* Features/Sessions/NewSessionDirectoryRow.swift in Sources */,
				A10000000000000000000006 /* Features/Sessions/NewSessionView.swift in Sources */,
				A10000000000000000000007 /* Core/Models/PathCompletionsResponse.swift in Sources */,
				A10000000000000000000008 /* Features/Sessions/NewSessionBrowseFolderView.swift in Sources */,
				A10000000000000000000009 /* Features/Sessions/NewSessionCreateButtonBar.swift in Sources */,
				A1000000000000000000000A /* Features/Sessions/NewSessionDirectoryLabel.swift in Sources */,
				A1000000000000000000000B /* Features/Sessions/NewSessionOptionsMenu.swift in Sources */,
				A1000000000000000000000C /* Features/Sessions/NewSessionModelPickerView.swift in Sources */,
				349DA9EB0217F380D127501C /* Features/Sessions/SessionRowView.swift in Sources */,
				794D424699C17BF21F9FD5BA /* Features/Sessions/SessionSidebarView.swift in Sources */,
				9E69C061D495A4C3DA5E4572 /* Features/Settings/SettingsView.swift in Sources */,
				A20000000000000000000001 /* Core/Models/AuthProviderKind.swift in Sources */,
				A20000000000000000000002 /* Core/Models/AuthProviderOption.swift in Sources */,
				A20000000000000000000003 /* Core/Models/AuthProvidersResponse.swift in Sources */,
				A20000000000000000000004 /* Core/Models/AuthMutationResponse.swift in Sources */,
				A20000000000000000000005 /* Features/Settings/ProviderAuthSectionView.swift in Sources */,
				A20000000000000000000006 /* Features/Settings/AuthProviderRowView.swift in Sources */,
				A20000000000000000000007 /* Features/Settings/ApiKeyAuthSheetView.swift in Sources */,
				A20000000000000000000008 /* Features/Settings/AuthUiRequestSheetView.swift in Sources */,
				32DDC2B93600C8E6AFEABD17 /* PicoApp.swift in Sources */,
			);
			runOnlyForDeploymentPostprocessing = 0;
		};
		DD58730454EC6D0F490087F6 /* Sources */ = {
			isa = PBXSourcesBuildPhase;
			buildActionMask = 2147483647;
			files = (
				7BB281B72369790D80F8BF38 /* FixtureLoader.swift in Sources */,
				0F70A409209F9E636163B33B /* PicoServerEventTests.swift in Sources */,
				1E90CFDAF5F3EEE6FFD73ED1 /* SSEEventParserTests.swift in Sources */,
				4838CA16507E6CD34206D173 /* SessionStateReducerTests.swift in Sources */,
				F30000000000000000000003 /* ToolFormattingTests.swift in Sources */,
				C5000000000000000000000C /* GitFeatureTests.swift in Sources */,
			);
			runOnlyForDeploymentPostprocessing = 0;
		};
/* End PBXSourcesBuildPhase section */

/* Begin PBXTargetDependency section */
		15F0AB3DC407012395968256 /* PBXTargetDependency */ = {
			isa = PBXTargetDependency;
			target = A15DB5F98DBEB9053309FBDA /* Pico */;
			targetProxy = 1D23656230B134B5E7FC262B /* PBXContainerItemProxy */;
		};
/* End PBXTargetDependency section */

/* Begin XCLocalSwiftPackageReference section */
		E60000000000000000000005 /* XCLocalSwiftPackageReference "LucideSwift" */ = {
			isa = XCLocalSwiftPackageReference;
			relativePath = Packages/LucideSwift;
		};
/* End XCLocalSwiftPackageReference section */

/* Begin XCSwiftPackageProductDependency section */
		E60000000000000000000004 /* LucideSwift */ = {
			isa = XCSwiftPackageProductDependency;
			package = E60000000000000000000005 /* XCLocalSwiftPackageReference "LucideSwift" */;
			productName = LucideSwift;
		};
/* End XCSwiftPackageProductDependency section */

/* Begin XCBuildConfiguration section */
		687E6A61460ED98F7478F186 /* Debug */ = {
			isa = XCBuildConfiguration;
			buildSettings = {
				ALWAYS_EMBED_SWIFT_STANDARD_LIBRARIES = YES;
				ALWAYS_SEARCH_USER_PATHS = NO;
				CLANG_ANALYZER_NONNULL = YES;
				CLANG_ENABLE_MODULES = YES;
				CLANG_ENABLE_OBJC_ARC = YES;
				CLANG_WARN_BLOCK_CAPTURE_AUTORELEASING = YES;
				CLANG_WARN_BOOL_CONVERSION = YES;
				CLANG_WARN_COMMA = YES;
				CLANG_WARN_CONSTANT_CONVERSION = YES;
				CLANG_WARN_DEPRECATED_OBJC_IMPLEMENTATIONS = YES;
				CLANG_WARN_EMPTY_BODY = YES;
				CLANG_WARN_ENUM_CONVERSION = YES;
				CLANG_WARN_INFINITE_RECURSION = YES;
				CLANG_WARN_INT_CONVERSION = YES;
				CLANG_WARN_NON_LITERAL_NULL_CONVERSION = YES;
				CLANG_WARN_OBJC_IMPLICIT_RETAIN_SELF = YES;
				CLANG_WARN_OBJC_LITERAL_CONVERSION = YES;
				CLANG_WARN_QUOTED_INCLUDE_IN_FRAMEWORK_HEADER = YES;
				CLANG_WARN_RANGE_LOOP_ANALYSIS = YES;
				CLANG_WARN_STRICT_PROTOTYPES = YES;
				CLANG_WARN_SUSPICIOUS_MOVE = YES;
				CLANG_WARN_UNREACHABLE_CODE = YES;
				CLANG_WARN__DUPLICATE_METHOD_MATCH = YES;
				COPY_PHASE_STRIP = NO;
				DEBUG_INFORMATION_FORMAT = dwarf;
				ENABLE_STRICT_OBJC_MSGSEND = YES;
				ENABLE_TESTABILITY = YES;
				ENABLE_USER_SCRIPT_SANDBOXING = YES;
				GCC_C_LANGUAGE_STANDARD = gnu17;
				GCC_DYNAMIC_NO_PIC = NO;
				GCC_NO_COMMON_BLOCKS = YES;
				GCC_OPTIMIZATION_LEVEL = 0;
				GCC_PREPROCESSOR_DEFINITIONS = (
					"DEBUG=1",
					"$(inherited)",
				);
				GCC_WARN_64_TO_32_BIT_CONVERSION = YES;
				GCC_WARN_ABOUT_RETURN_TYPE = YES;
				GCC_WARN_UNDECLARED_SELECTOR = YES;
				GCC_WARN_UNINITIALIZED_AUTOS = YES;
				GCC_WARN_UNUSED_FUNCTION = YES;
				GCC_WARN_UNUSED_VARIABLE = YES;
				IPHONEOS_DEPLOYMENT_TARGET = 26.0;
				MTL_ENABLE_DEBUG_INFO = INCLUDE_SOURCE;
				ONLY_ACTIVE_ARCH = YES;
				SDKROOT = iphoneos;
				STRING_CATALOG_GENERATE_SYMBOLS = YES;
				SWIFT_ACTIVE_COMPILATION_CONDITIONS = DEBUG;
				SWIFT_OPTIMIZATION_LEVEL = "-Onone";
			};
			name = Debug;
		};
		8898E3FEE3795B7A07086E21 /* Debug */ = {
			isa = XCBuildConfiguration;
			buildSettings = {
				BUNDLE_LOADER = "$(TEST_HOST)";
				CODE_SIGN_STYLE = Automatic;
				GENERATE_INFOPLIST_FILE = YES;
				IPHONEOS_DEPLOYMENT_TARGET = 26.0;
				LD_RUNPATH_SEARCH_PATHS = (
					"$(inherited)",
					"@executable_path/Frameworks",
					"@loader_path/Frameworks",
				);
				PRODUCT_BUNDLE_IDENTIFIER = com.alivault.pico.ios.tests;
				PRODUCT_NAME = "$(TARGET_NAME)";
				SUPPORTED_PLATFORMS = "iphoneos iphonesimulator";
				SWIFT_EMIT_LOC_STRINGS = NO;
				SWIFT_STRICT_CONCURRENCY = complete;
				SWIFT_VERSION = 6.2;
				TARGETED_DEVICE_FAMILY = "1,2";
				TEST_HOST = "$(BUILT_PRODUCTS_DIR)/Pico.app/$(BUNDLE_EXECUTABLE_FOLDER_PATH)/Pico";
			};
			name = Debug;
		};
		C3FEA3E2F47AC48AFBCFCFDB /* Release */ = {
			isa = XCBuildConfiguration;
			buildSettings = {
				ALWAYS_EMBED_SWIFT_STANDARD_LIBRARIES = YES;
				ALWAYS_SEARCH_USER_PATHS = NO;
				CLANG_ANALYZER_NONNULL = YES;
				CLANG_ENABLE_MODULES = YES;
				CLANG_ENABLE_OBJC_ARC = YES;
				CLANG_WARN_BLOCK_CAPTURE_AUTORELEASING = YES;
				CLANG_WARN_BOOL_CONVERSION = YES;
				CLANG_WARN_COMMA = YES;
				CLANG_WARN_CONSTANT_CONVERSION = YES;
				CLANG_WARN_DEPRECATED_OBJC_IMPLEMENTATIONS = YES;
				CLANG_WARN_EMPTY_BODY = YES;
				CLANG_WARN_ENUM_CONVERSION = YES;
				CLANG_WARN_INFINITE_RECURSION = YES;
				CLANG_WARN_INT_CONVERSION = YES;
				CLANG_WARN_NON_LITERAL_NULL_CONVERSION = YES;
				CLANG_WARN_OBJC_IMPLICIT_RETAIN_SELF = YES;
				CLANG_WARN_OBJC_LITERAL_CONVERSION = YES;
				CLANG_WARN_QUOTED_INCLUDE_IN_FRAMEWORK_HEADER = YES;
				CLANG_WARN_RANGE_LOOP_ANALYSIS = YES;
				CLANG_WARN_STRICT_PROTOTYPES = YES;
				CLANG_WARN_SUSPICIOUS_MOVE = YES;
				CLANG_WARN_UNREACHABLE_CODE = YES;
				CLANG_WARN__DUPLICATE_METHOD_MATCH = YES;
				COPY_PHASE_STRIP = NO;
				DEBUG_INFORMATION_FORMAT = "dwarf-with-dsym";
				ENABLE_NS_ASSERTIONS = NO;
				ENABLE_STRICT_OBJC_MSGSEND = YES;
				ENABLE_USER_SCRIPT_SANDBOXING = YES;
				GCC_C_LANGUAGE_STANDARD = gnu17;
				GCC_NO_COMMON_BLOCKS = YES;
				GCC_WARN_64_TO_32_BIT_CONVERSION = YES;
				GCC_WARN_ABOUT_RETURN_TYPE = YES;
				GCC_WARN_UNDECLARED_SELECTOR = YES;
				GCC_WARN_UNINITIALIZED_AUTOS = YES;
				GCC_WARN_UNUSED_FUNCTION = YES;
				GCC_WARN_UNUSED_VARIABLE = YES;
				IPHONEOS_DEPLOYMENT_TARGET = 26.0;
				MTL_ENABLE_DEBUG_INFO = NO;
				SDKROOT = iphoneos;
				STRING_CATALOG_GENERATE_SYMBOLS = YES;
				SWIFT_COMPILATION_MODE = wholemodule;
				VALIDATE_PRODUCT = YES;
			};
			name = Release;
		};
		DAE1B5369341D7A63347A62A /* Release */ = {
			isa = XCBuildConfiguration;
			buildSettings = {
				BUNDLE_LOADER = "$(TEST_HOST)";
				CODE_SIGN_STYLE = Automatic;
				GENERATE_INFOPLIST_FILE = YES;
				IPHONEOS_DEPLOYMENT_TARGET = 26.0;
				LD_RUNPATH_SEARCH_PATHS = (
					"$(inherited)",
					"@executable_path/Frameworks",
					"@loader_path/Frameworks",
				);
				PRODUCT_BUNDLE_IDENTIFIER = com.alivault.pico.ios.tests;
				PRODUCT_NAME = "$(TARGET_NAME)";
				SUPPORTED_PLATFORMS = "iphoneos iphonesimulator";
				SWIFT_EMIT_LOC_STRINGS = NO;
				SWIFT_STRICT_CONCURRENCY = complete;
				SWIFT_VERSION = 6.2;
				TARGETED_DEVICE_FAMILY = "1,2";
				TEST_HOST = "$(BUILT_PRODUCTS_DIR)/Pico.app/$(BUNDLE_EXECUTABLE_FOLDER_PATH)/Pico";
			};
			name = Release;
		};
		E21A8179DFCC4D42A9875761 /* Debug */ = {
			isa = XCBuildConfiguration;
			buildSettings = {
				ASSETCATALOG_COMPILER_APPICON_NAME = AppIcon;
				ASSETCATALOG_COMPILER_GENERATE_SWIFT_ASSET_SYMBOL_EXTENSIONS = YES;
				CODE_SIGN_STYLE = Automatic;
				CURRENT_PROJECT_VERSION = 1;
				DEVELOPMENT_TEAM = ZJDZ622NMU;
				ENABLE_DEBUG_DYLIB = NO;
				ENABLE_PREVIEWS = YES;
				GENERATE_INFOPLIST_FILE = NO;
				INFOPLIST_FILE = Pico/Resources/Info.plist;
				LD_RUNPATH_SEARCH_PATHS = (
					"$(inherited)",
					"@executable_path/Frameworks",
				);
				MARKETING_VERSION = 0.1.0;
				PRODUCT_BUNDLE_IDENTIFIER = com.alivault.pico.ios;
				PRODUCT_NAME = "$(TARGET_NAME)";
				SUPPORTED_PLATFORMS = "iphoneos iphonesimulator";
				SUPPORTS_MACCATALYST = NO;
				SWIFT_EMIT_LOC_STRINGS = YES;
				SWIFT_STRICT_CONCURRENCY = complete;
				SWIFT_VERSION = 6.2;
				TARGETED_DEVICE_FAMILY = "1,2";
			};
			name = Debug;
		};
		E4C8160A0BBD20F63BC90070 /* Release */ = {
			isa = XCBuildConfiguration;
			buildSettings = {
				ASSETCATALOG_COMPILER_APPICON_NAME = AppIcon;
				ASSETCATALOG_COMPILER_GENERATE_SWIFT_ASSET_SYMBOL_EXTENSIONS = YES;
				CODE_SIGN_STYLE = Automatic;
				CURRENT_PROJECT_VERSION = 1;
				DEVELOPMENT_TEAM = ZJDZ622NMU;
				ENABLE_PREVIEWS = YES;
				GENERATE_INFOPLIST_FILE = NO;
				INFOPLIST_FILE = Pico/Resources/Info.plist;
				LD_RUNPATH_SEARCH_PATHS = (
					"$(inherited)",
					"@executable_path/Frameworks",
				);
				MARKETING_VERSION = 0.1.0;
				PRODUCT_BUNDLE_IDENTIFIER = com.alivault.pico.ios;
				PRODUCT_NAME = "$(TARGET_NAME)";
				SUPPORTED_PLATFORMS = "iphoneos iphonesimulator";
				SUPPORTS_MACCATALYST = NO;
				SWIFT_EMIT_LOC_STRINGS = YES;
				SWIFT_STRICT_CONCURRENCY = complete;
				SWIFT_VERSION = 6.2;
				TARGETED_DEVICE_FAMILY = "1,2";
			};
			name = Release;
		};
/* End XCBuildConfiguration section */

/* Begin XCConfigurationList section */
		38A1ED16618E7E622A46BB2E /* Build configuration list for PBXNativeTarget "Pico" */ = {
			isa = XCConfigurationList;
			buildConfigurations = (
				E21A8179DFCC4D42A9875761 /* Debug */,
				E4C8160A0BBD20F63BC90070 /* Release */,
			);
			defaultConfigurationIsVisible = 0;
			defaultConfigurationName = Release;
		};
		590B6A09C01807E49C6BA45B /* Build configuration list for PBXNativeTarget "PicoTests" */ = {
			isa = XCConfigurationList;
			buildConfigurations = (
				8898E3FEE3795B7A07086E21 /* Debug */,
				DAE1B5369341D7A63347A62A /* Release */,
			);
			defaultConfigurationIsVisible = 0;
			defaultConfigurationName = Release;
		};
		7D2811BDE7CEF7224D362561 /* Build configuration list for PBXProject "Pico" */ = {
			isa = XCConfigurationList;
			buildConfigurations = (
				687E6A61460ED98F7478F186 /* Debug */,
				C3FEA3E2F47AC48AFBCFCFDB /* Release */,
			);
			defaultConfigurationIsVisible = 0;
			defaultConfigurationName = Release;
		};
/* End XCConfigurationList section */
	};
	rootObject = 5CD759D4193846E4910FD9BB /* Project object */;
}
